// !$*UTF8*$!
{
	archiveVersion = 1;
	classes = {
	};
	objectVersion = 56;
	objects = {

/* Begin PBXBuildFile section */
		93048EDF2B095096000BD03A /* SmsOtpViewController.swift in Sources */ = {isa = PBXBuildFile; fileRef = 93048EDE2B095096000BD03A /* SmsOtpViewController.swift */; };
		93048EE12B0950C2000BD03A /* NewPasswordViewController.swift in Sources */ = {isa = PBXBuildFile; fileRef = 93048EE02B0950C2000BD03A /* NewPasswordViewController.swift */; };
		93048F022B0966DB000BD03A /* Poppins-Bold.ttf in Resources */ = {isa = PBXBuildFile; fileRef = 93048EFC2B0966DB000BD03A /* Poppins-Bold.ttf */; };
		93048F032B0966DB000BD03A /* Poppins-SemiBold.ttf in Resources */ = {isa = PBXBuildFile; fileRef = 93048EFD2B0966DB000BD03A /* Poppins-SemiBold.ttf */; };
		93048F042B0966DB000BD03A /* Poppins-Medium.ttf in Resources */ = {isa = PBXBuildFile; fileRef = 93048EFE2B0966DB000BD03A /* Poppins-Medium.ttf */; };
		93048F052B0966DB000BD03A /* Poppins-Black.ttf in Resources */ = {isa = PBXBuildFile; fileRef = 93048EFF2B0966DB000BD03A /* Poppins-Black.ttf */; };
		93048F062B0966DB000BD03A /* Poppins-Regular.ttf in Resources */ = {isa = PBXBuildFile; fileRef = 93048F002B0966DB000BD03A /* Poppins-Regular.ttf */; };
		93048F072B0966DB000BD03A /* Poppins-Thin.ttf in Resources */ = {isa = PBXBuildFile; fileRef = 93048F012B0966DB000BD03A /* Poppins-Thin.ttf */; };
		93048F092B0A8F8F000BD03A /* Int + Extension.swift in Sources */ = {isa = PBXBuildFile; fileRef = 93048F082B0A8F8F000BD03A /* Int + Extension.swift */; };
		93048F0D2B0A9164000BD03A /* Size.swift in Sources */ = {isa = PBXBuildFile; fileRef = 93048F0C2B0A9164000BD03A /* Size.swift */; };
		93048F162B0AA08B000BD03A /* Localizable.strings in Resources */ = {isa = PBXBuildFile; fileRef = 93048F182B0AA08B000BD03A /* Localizable.strings */; };
		93048F1C2B0AA4DD000BD03A /* String + Extension.swift in Sources */ = {isa = PBXBuildFile; fileRef = 93048F1B2B0AA4DD000BD03A /* String + Extension.swift */; };
		9309ADEF2B389DCC001BC2B0 /* PetAvatarCell.swift in Sources */ = {isa = PBXBuildFile; fileRef = 9309ADEE2B389DCC001BC2B0 /* PetAvatarCell.swift */; };
		9309ADF22B389E39001BC2B0 /* PetAvatarModel.swift in Sources */ = {isa = PBXBuildFile; fileRef = 9309ADF12B389E39001BC2B0 /* PetAvatarModel.swift */; };
		9309ADF42B3B6E4F001BC2B0 /* SeeAllButton.swift in Sources */ = {isa = PBXBuildFile; fileRef = 9309ADF32B3B6E4F001BC2B0 /* SeeAllButton.swift */; };
		9309ADF62B3CA127001BC2B0 /* UIImage + Extension.swift in Sources */ = {isa = PBXBuildFile; fileRef = 9309ADF52B3CA127001BC2B0 /* UIImage + Extension.swift */; };
		9309ADF82B3CAB4B001BC2B0 /* UIScreen + Extension.swift in Sources */ = {isa = PBXBuildFile; fileRef = 9309ADF72B3CAB4B001BC2B0 /* UIScreen + Extension.swift */; };
		930CB6C02AF18F4F00E632A7 /* Splash.storyboard in Resources */ = {isa = PBXBuildFile; fileRef = 930CB6BF2AF18F4F00E632A7 /* Splash.storyboard */; };
		931144E62AFC179500F6365E /* OnboardingCell.swift in Sources */ = {isa = PBXBuildFile; fileRef = 931144E52AFC179500F6365E /* OnboardingCell.swift */; };
		931144E92AFC1B0900F6365E /* ViewCoding.swift in Sources */ = {isa = PBXBuildFile; fileRef = 931144E82AFC1B0900F6365E /* ViewCoding.swift */; };
		931144EC2AFC1DC000F6365E /* OnboardingView.swift in Sources */ = {isa = PBXBuildFile; fileRef = 931144EB2AFC1DC000F6365E /* OnboardingView.swift */; };
		931144F42B02B6DA00F6365E /* Petcare_iOSTests.swift in Sources */ = {isa = PBXBuildFile; fileRef = 931144F32B02B6DA00F6365E /* Petcare_iOSTests.swift */; };
		931145012B02B79900F6365E /* OnboardingViewMock.swift in Sources */ = {isa = PBXBuildFile; fileRef = 931145002B02B79900F6365E /* OnboardingViewMock.swift */; };
		933780122ADA7DA800103273 /* AppDelegate.swift in Sources */ = {isa = PBXBuildFile; fileRef = 933780112ADA7DA800103273 /* AppDelegate.swift */; };
		933780142ADA7DA800103273 /* SceneDelegate.swift in Sources */ = {isa = PBXBuildFile; fileRef = 933780132ADA7DA800103273 /* SceneDelegate.swift */; };
		933780192ADA7DA800103273 /* Main.storyboard in Resources */ = {isa = PBXBuildFile; fileRef = 933780172ADA7DA800103273 /* Main.storyboard */; };
		9337801B2ADA7DAA00103273 /* Assets.xcassets in Resources */ = {isa = PBXBuildFile; fileRef = 9337801A2ADA7DAA00103273 /* Assets.xcassets */; };
		9337801E2ADA7DAA00103273 /* LaunchScreen.storyboard in Resources */ = {isa = PBXBuildFile; fileRef = 9337801C2ADA7DAA00103273 /* LaunchScreen.storyboard */; };
		9337803E2ADA80FF00103273 /* Constants.swift in Sources */ = {isa = PBXBuildFile; fileRef = 9337803D2ADA80FF00103273 /* Constants.swift */; };
		933780412ADA814400103273 /* OnboardingModel.swift in Sources */ = {isa = PBXBuildFile; fileRef = 933780402ADA814400103273 /* OnboardingModel.swift */; };
		933780472ADA816F00103273 /* OnboardingViewController.swift in Sources */ = {isa = PBXBuildFile; fileRef = 933780462ADA816F00103273 /* OnboardingViewController.swift */; };
		933780492ADA81A100103273 /* OnboardingPresenter.swift in Sources */ = {isa = PBXBuildFile; fileRef = 933780482ADA81A100103273 /* OnboardingPresenter.swift */; };
		9337804B2ADA81A700103273 /* OnboardingRouter.swift in Sources */ = {isa = PBXBuildFile; fileRef = 9337804A2ADA81A700103273 /* OnboardingRouter.swift */; };
		9337804D2ADA81AF00103273 /* OnboardingInteractor.swift in Sources */ = {isa = PBXBuildFile; fileRef = 9337804C2ADA81AF00103273 /* OnboardingInteractor.swift */; };
		933780512ADA823300103273 /* Login.storyboard in Resources */ = {isa = PBXBuildFile; fileRef = 933780502ADA823300103273 /* Login.storyboard */; };
		933780532ADA823D00103273 /* LoginViewController.swift in Sources */ = {isa = PBXBuildFile; fileRef = 933780522ADA823D00103273 /* LoginViewController.swift */; };
		933780552ADA824500103273 /* LoginPresenter.swift in Sources */ = {isa = PBXBuildFile; fileRef = 933780542ADA824500103273 /* LoginPresenter.swift */; };
		933780572ADA824D00103273 /* LoginInteractor.swift in Sources */ = {isa = PBXBuildFile; fileRef = 933780562ADA824D00103273 /* LoginInteractor.swift */; };
		933780592ADA825200103273 /* LoginRouter.swift in Sources */ = {isa = PBXBuildFile; fileRef = 933780582ADA825200103273 /* LoginRouter.swift */; };
		9337805B2ADA826B00103273 /* User.swift in Sources */ = {isa = PBXBuildFile; fileRef = 9337805A2ADA826B00103273 /* User.swift */; };
		933780602ADC0DC000103273 /* SplashViewController.swift in Sources */ = {isa = PBXBuildFile; fileRef = 9337805E2ADC0DC000103273 /* SplashViewController.swift */; };
		933780652ADC0DF000103273 /* SplashRouter.swift in Sources */ = {isa = PBXBuildFile; fileRef = 933780642ADC0DF000103273 /* SplashRouter.swift */; };
		933780672ADC0DF900103273 /* SplashPresenter.swift in Sources */ = {isa = PBXBuildFile; fileRef = 933780662ADC0DF900103273 /* SplashPresenter.swift */; };
		933780692ADC0DFF00103273 /* SplashInteractor.swift in Sources */ = {isa = PBXBuildFile; fileRef = 933780682ADC0DFF00103273 /* SplashInteractor.swift */; };
		934702032B0E6BE70033C7CE /* PasswordValidationView.swift in Sources */ = {isa = PBXBuildFile; fileRef = 934702022B0E6BE70033C7CE /* PasswordValidationView.swift */; };
		934702052B0E78680033C7CE /* LoadingUICustomButton.swift in Sources */ = {isa = PBXBuildFile; fileRef = 934702042B0E78680033C7CE /* LoadingUICustomButton.swift */; };
		934702072B0E84C40033C7CE /* UIColor + Extension.swift in Sources */ = {isa = PBXBuildFile; fileRef = 934702062B0E84C40033C7CE /* UIColor + Extension.swift */; };
		9347020A2B0FEB8E0033C7CE /* CustomCollectionView.swift in Sources */ = {isa = PBXBuildFile; fileRef = 934702092B0FEB8E0033C7CE /* CustomCollectionView.swift */; };
		9347020C2B0FF0540033C7CE /* Onboarding.storyboard in Resources */ = {isa = PBXBuildFile; fileRef = 9347020B2B0FF0540033C7CE /* Onboarding.storyboard */; };
		934702112B0FF8910033C7CE /* CustomTextfieldBase.swift in Sources */ = {isa = PBXBuildFile; fileRef = 934702102B0FF8910033C7CE /* CustomTextfieldBase.swift */; };
		934702142B10F6260033C7CE /* Validations.swift in Sources */ = {isa = PBXBuildFile; fileRef = 934702132B10F6260033C7CE /* Validations.swift */; };
		9348B45E2AE0631E00F7185A /* AppFonts.swift in Sources */ = {isa = PBXBuildFile; fileRef = 9348B45D2AE0631E00F7185A /* AppFonts.swift */; };
		93732DF22B16598900DE636E /* CustomSecurityPassword.swift in Sources */ = {isa = PBXBuildFile; fileRef = 93732DF12B16598900DE636E /* CustomSecurityPassword.swift */; };
		93732DF62B166D9E00DE636E /* Network in Frameworks */ = {isa = PBXBuildFile; productRef = 93732DF52B166D9E00DE636E /* Network */; };
		93732DF92B16701E00DE636E /* UserSignUp.swift in Sources */ = {isa = PBXBuildFile; fileRef = 93732DF82B16701E00DE636E /* UserSignUp.swift */; };
		93822B322AF9672400989255 /* AppColors.swift in Sources */ = {isa = PBXBuildFile; fileRef = 93822B312AF9672400989255 /* AppColors.swift */; };
		93822B352AF9698500989255 /* SecurityTextfield.swift in Sources */ = {isa = PBXBuildFile; fileRef = 93822B342AF9698500989255 /* SecurityTextfield.swift */; };
		93822B392AF9886B00989255 /* Register.storyboard in Resources */ = {isa = PBXBuildFile; fileRef = 93822B382AF9886B00989255 /* Register.storyboard */; };
		93822B3B2AF9887300989255 /* RegisterViewController.swift in Sources */ = {isa = PBXBuildFile; fileRef = 93822B3A2AF9887300989255 /* RegisterViewController.swift */; };
		93822B3D2AF9887C00989255 /* RegisterInteractor.swift in Sources */ = {isa = PBXBuildFile; fileRef = 93822B3C2AF9887C00989255 /* RegisterInteractor.swift */; };
		93822B3F2AF9888600989255 /* RegisterPresenter.swift in Sources */ = {isa = PBXBuildFile; fileRef = 93822B3E2AF9888600989255 /* RegisterPresenter.swift */; };
		93822B412AF9888B00989255 /* RegisterRouter.swift in Sources */ = {isa = PBXBuildFile; fileRef = 93822B402AF9888B00989255 /* RegisterRouter.swift */; };
		93822B432AFA85B500989255 /* ForgotPassword.storyboard in Resources */ = {isa = PBXBuildFile; fileRef = 93822B422AFA85B500989255 /* ForgotPassword.storyboard */; };
		93822B452AFA85BF00989255 /* ForgotPasswordViewController.swift in Sources */ = {isa = PBXBuildFile; fileRef = 93822B442AFA85BF00989255 /* ForgotPasswordViewController.swift */; };
		93822B472AFA85C800989255 /* ForgotPasswordPresenter.swift in Sources */ = {isa = PBXBuildFile; fileRef = 93822B462AFA85C800989255 /* ForgotPasswordPresenter.swift */; };
		93822B492AFA85DE00989255 /* ForgotPasswordInteractor.swift in Sources */ = {isa = PBXBuildFile; fileRef = 93822B482AFA85DE00989255 /* ForgotPasswordInteractor.swift */; };
		93822B4B2AFA85E500989255 /* ForgotPasswordRouter.swift in Sources */ = {isa = PBXBuildFile; fileRef = 93822B4A2AFA85E500989255 /* ForgotPasswordRouter.swift */; };
		93822B4D2AFAC2EA00989255 /* UICustomButton.swift in Sources */ = {isa = PBXBuildFile; fileRef = 93822B4C2AFAC2EA00989255 /* UICustomButton.swift */; };
		93C46DFA2B040C540055BA0F /* CustomTextField.swift in Sources */ = {isa = PBXBuildFile; fileRef = 93C46DF92B040C540055BA0F /* CustomTextField.swift */; };
		93C46E0A2B04C7AF0055BA0F /* LoginButton.swift in Sources */ = {isa = PBXBuildFile; fileRef = 93C46E092B04C7AF0055BA0F /* LoginButton.swift */; };
		93C46E0C2B04CB620055BA0F /* GoogleButton.swift in Sources */ = {isa = PBXBuildFile; fileRef = 93C46E0B2B04CB620055BA0F /* GoogleButton.swift */; };
		93C46E0E2B04EB310055BA0F /* UINavigationController + Extension.swift in Sources */ = {isa = PBXBuildFile; fileRef = 93C46E0D2B04EB310055BA0F /* UINavigationController + Extension.swift */; };
		93C46E132B0509DD0055BA0F /* Combine.framework in Frameworks */ = {isa = PBXBuildFile; fileRef = 93C46E122B0509DD0055BA0F /* Combine.framework */; };
		93C46E162B0542B30055BA0F /* CustomLabel.swift in Sources */ = {isa = PBXBuildFile; fileRef = 93C46E152B0542B30055BA0F /* CustomLabel.swift */; };
		93C46E182B0548B00055BA0F /* PatiButton.swift in Sources */ = {isa = PBXBuildFile; fileRef = 93C46E172B0548B00055BA0F /* PatiButton.swift */; };
		93CE90672AF7BA2E0025FBB0 /* Home.storyboard in Resources */ = {isa = PBXBuildFile; fileRef = 93CE90662AF7BA2E0025FBB0 /* Home.storyboard */; };
		93CE90692AF7BA380025FBB0 /* HomeViewController.swift in Sources */ = {isa = PBXBuildFile; fileRef = 93CE90682AF7BA380025FBB0 /* HomeViewController.swift */; };
		93CE906B2AF7BA420025FBB0 /* HomeEntity.swift in Sources */ = {isa = PBXBuildFile; fileRef = 93CE906A2AF7BA420025FBB0 /* HomeEntity.swift */; };
		93CE906D2AF7BA4C0025FBB0 /* HomePresenter.swift in Sources */ = {isa = PBXBuildFile; fileRef = 93CE906C2AF7BA4C0025FBB0 /* HomePresenter.swift */; };
		93CE906F2AF7BA550025FBB0 /* HomeInteractor.swift in Sources */ = {isa = PBXBuildFile; fileRef = 93CE906E2AF7BA550025FBB0 /* HomeInteractor.swift */; };
		93CE90712AF7BA5C0025FBB0 /* HomeRouter.swift in Sources */ = {isa = PBXBuildFile; fileRef = 93CE90702AF7BA5C0025FBB0 /* HomeRouter.swift */; };
		93CE90732AF7BA910025FBB0 /* MainTabbar.swift in Sources */ = {isa = PBXBuildFile; fileRef = 93CE90722AF7BA910025FBB0 /* MainTabbar.swift */; };
		93CE90752AF7D51C0025FBB0 /* Calendar.storyboard in Resources */ = {isa = PBXBuildFile; fileRef = 93CE90742AF7D51C0025FBB0 /* Calendar.storyboard */; };
		93CE90772AF7D5260025FBB0 /* CalendarViewController.swift in Sources */ = {isa = PBXBuildFile; fileRef = 93CE90762AF7D5260025FBB0 /* CalendarViewController.swift */; };
		93CE90792AF7D5370025FBB0 /* CalendarRouter.swift in Sources */ = {isa = PBXBuildFile; fileRef = 93CE90782AF7D5370025FBB0 /* CalendarRouter.swift */; };
		93CE907B2AF7D53F0025FBB0 /* CalendarInteractor.swift in Sources */ = {isa = PBXBuildFile; fileRef = 93CE907A2AF7D53F0025FBB0 /* CalendarInteractor.swift */; };
		93CE907D2AF7D5460025FBB0 /* CalendarPresenter.swift in Sources */ = {isa = PBXBuildFile; fileRef = 93CE907C2AF7D5460025FBB0 /* CalendarPresenter.swift */; };
		93CE907F2AF7D5580025FBB0 /* CalendarModel.swift in Sources */ = {isa = PBXBuildFile; fileRef = 93CE907E2AF7D5580025FBB0 /* CalendarModel.swift */; };
		93CE90812AF7D57F0025FBB0 /* VetMap.storyboard in Resources */ = {isa = PBXBuildFile; fileRef = 93CE90802AF7D57F0025FBB0 /* VetMap.storyboard */; };
		93CE90832AF7D5980025FBB0 /* VetMapViewController.swift in Sources */ = {isa = PBXBuildFile; fileRef = 93CE90822AF7D5980025FBB0 /* VetMapViewController.swift */; };
		93CE90852AF7D5AF0025FBB0 /* VetMapRouter.swift in Sources */ = {isa = PBXBuildFile; fileRef = 93CE90842AF7D5AF0025FBB0 /* VetMapRouter.swift */; };
		93CE90872AF7D5C40025FBB0 /* VetMapInteractor.swift in Sources */ = {isa = PBXBuildFile; fileRef = 93CE90862AF7D5C40025FBB0 /* VetMapInteractor.swift */; };
		93CE90892AF7D5CC0025FBB0 /* VetMapPresenter.swift in Sources */ = {isa = PBXBuildFile; fileRef = 93CE90882AF7D5CC0025FBB0 /* VetMapPresenter.swift */; };
		93CE908B2AF7D5E00025FBB0 /* Settings.storyboard in Resources */ = {isa = PBXBuildFile; fileRef = 93CE908A2AF7D5E00025FBB0 /* Settings.storyboard */; };
		93CE908D2AF7D5E60025FBB0 /* SettingsViewController.swift in Sources */ = {isa = PBXBuildFile; fileRef = 93CE908C2AF7D5E60025FBB0 /* SettingsViewController.swift */; };
		93CE908F2AF7D5F50025FBB0 /* SettingsInteractor.swift in Sources */ = {isa = PBXBuildFile; fileRef = 93CE908E2AF7D5F50025FBB0 /* SettingsInteractor.swift */; };
		93CE90912AF7D5FA0025FBB0 /* SettingsPresenter.swift in Sources */ = {isa = PBXBuildFile; fileRef = 93CE90902AF7D5FA0025FBB0 /* SettingsPresenter.swift */; };
		93CE90932AF7D6000025FBB0 /* SettingsRouter.swift in Sources */ = {isa = PBXBuildFile; fileRef = 93CE90922AF7D6000025FBB0 /* SettingsRouter.swift */; };
		93CE90952AF7E1C60025FBB0 /* Tabbar.swift in Sources */ = {isa = PBXBuildFile; fileRef = 93CE90942AF7E1C60025FBB0 /* Tabbar.swift */; };
		93F0CE432B0CE62E00D5BAD7 /* CustomStackView.swift in Sources */ = {isa = PBXBuildFile; fileRef = 93F0CE422B0CE62E00D5BAD7 /* CustomStackView.swift */; };
/* End PBXBuildFile section */

/* Begin PBXContainerItemProxy section */
		931144F52B02B6DA00F6365E /* PBXContainerItemProxy */ = {
			isa = PBXContainerItemProxy;
			containerPortal = 933780062ADA7DA800103273 /* Project object */;
			proxyType = 1;
			remoteGlobalIDString = 9337800D2ADA7DA800103273;
			remoteInfo = "Petcare-iOS";
		};
/* End PBXContainerItemProxy section */

/* Begin PBXFileReference section */
		93048EDE2B095096000BD03A /* SmsOtpViewController.swift */ = {isa = PBXFileReference; lastKnownFileType = sourcecode.swift; path = SmsOtpViewController.swift; sourceTree = "<group>"; };
		93048EE02B0950C2000BD03A /* NewPasswordViewController.swift */ = {isa = PBXFileReference; lastKnownFileType = sourcecode.swift; path = NewPasswordViewController.swift; sourceTree = "<group>"; };
		93048EFC2B0966DB000BD03A /* Poppins-Bold.ttf */ = {isa = PBXFileReference; lastKnownFileType = file; path = "Poppins-Bold.ttf"; sourceTree = "<group>"; };
		93048EFD2B0966DB000BD03A /* Poppins-SemiBold.ttf */ = {isa = PBXFileReference; lastKnownFileType = file; path = "Poppins-SemiBold.ttf"; sourceTree = "<group>"; };
		93048EFE2B0966DB000BD03A /* Poppins-Medium.ttf */ = {isa = PBXFileReference; lastKnownFileType = file; path = "Poppins-Medium.ttf"; sourceTree = "<group>"; };
		93048EFF2B0966DB000BD03A /* Poppins-Black.ttf */ = {isa = PBXFileReference; lastKnownFileType = file; path = "Poppins-Black.ttf"; sourceTree = "<group>"; };
		93048F002B0966DB000BD03A /* Poppins-Regular.ttf */ = {isa = PBXFileReference; lastKnownFileType = file; path = "Poppins-Regular.ttf"; sourceTree = "<group>"; };
		93048F012B0966DB000BD03A /* Poppins-Thin.ttf */ = {isa = PBXFileReference; lastKnownFileType = file; path = "Poppins-Thin.ttf"; sourceTree = "<group>"; };
		93048F082B0A8F8F000BD03A /* Int + Extension.swift */ = {isa = PBXFileReference; lastKnownFileType = sourcecode.swift; path = "Int + Extension.swift"; sourceTree = "<group>"; };
		93048F0C2B0A9164000BD03A /* Size.swift */ = {isa = PBXFileReference; lastKnownFileType = sourcecode.swift; path = Size.swift; sourceTree = "<group>"; };
		93048F122B0AA030000BD03A /* tr */ = {isa = PBXFileReference; lastKnownFileType = text.plist.strings; name = tr; path = tr.lproj/LaunchScreen.strings; sourceTree = "<group>"; };
		93048F132B0AA030000BD03A /* tr */ = {isa = PBXFileReference; lastKnownFileType = text.plist.strings; name = tr; path = tr.lproj/Main.strings; sourceTree = "<group>"; };
		93048F172B0AA08B000BD03A /* en */ = {isa = PBXFileReference; lastKnownFileType = text.plist.strings; name = en; path = en.lproj/Localizable.strings; sourceTree = "<group>"; };
		93048F192B0AA08E000BD03A /* tr */ = {isa = PBXFileReference; lastKnownFileType = text.plist.strings; name = tr; path = tr.lproj/Localizable.strings; sourceTree = "<group>"; };
		93048F1A2B0AA09E000BD03A /* de */ = {isa = PBXFileReference; lastKnownFileType = text.plist.strings; name = de; path = de.lproj/Localizable.strings; sourceTree = "<group>"; };
		93048F1B2B0AA4DD000BD03A /* String + Extension.swift */ = {isa = PBXFileReference; lastKnownFileType = sourcecode.swift; path = "String + Extension.swift"; sourceTree = "<group>"; };
		9309ADEE2B389DCC001BC2B0 /* PetAvatarCell.swift */ = {isa = PBXFileReference; lastKnownFileType = sourcecode.swift; path = PetAvatarCell.swift; sourceTree = "<group>"; };
		9309ADF12B389E39001BC2B0 /* PetAvatarModel.swift */ = {isa = PBXFileReference; lastKnownFileType = sourcecode.swift; path = PetAvatarModel.swift; sourceTree = "<group>"; };
		9309ADF32B3B6E4F001BC2B0 /* SeeAllButton.swift */ = {isa = PBXFileReference; lastKnownFileType = sourcecode.swift; path = SeeAllButton.swift; sourceTree = "<group>"; };
		9309ADF52B3CA127001BC2B0 /* UIImage + Extension.swift */ = {isa = PBXFileReference; lastKnownFileType = sourcecode.swift; path = "UIImage + Extension.swift"; sourceTree = "<group>"; };
		9309ADF72B3CAB4B001BC2B0 /* UIScreen + Extension.swift */ = {isa = PBXFileReference; lastKnownFileType = sourcecode.swift; path = "UIScreen + Extension.swift"; sourceTree = "<group>"; };
		930CB6BF2AF18F4F00E632A7 /* Splash.storyboard */ = {isa = PBXFileReference; lastKnownFileType = file.storyboard; path = Splash.storyboard; sourceTree = "<group>"; };
		931144E52AFC179500F6365E /* OnboardingCell.swift */ = {isa = PBXFileReference; lastKnownFileType = sourcecode.swift; path = OnboardingCell.swift; sourceTree = "<group>"; };
		931144E82AFC1B0900F6365E /* ViewCoding.swift */ = {isa = PBXFileReference; lastKnownFileType = sourcecode.swift; path = ViewCoding.swift; sourceTree = "<group>"; };
		931144EB2AFC1DC000F6365E /* OnboardingView.swift */ = {isa = PBXFileReference; lastKnownFileType = sourcecode.swift; path = OnboardingView.swift; sourceTree = "<group>"; };
		931144F12B02B6D900F6365E /* Petcare-iOSTests.xctest */ = {isa = PBXFileReference; explicitFileType = wrapper.cfbundle; includeInIndex = 0; path = "Petcare-iOSTests.xctest"; sourceTree = BUILT_PRODUCTS_DIR; };
		931144F32B02B6DA00F6365E /* Petcare_iOSTests.swift */ = {isa = PBXFileReference; lastKnownFileType = sourcecode.swift; path = Petcare_iOSTests.swift; sourceTree = "<group>"; };
		931145002B02B79900F6365E /* OnboardingViewMock.swift */ = {isa = PBXFileReference; lastKnownFileType = sourcecode.swift; path = OnboardingViewMock.swift; sourceTree = "<group>"; };
		9337800E2ADA7DA800103273 /* Petcare.app */ = {isa = PBXFileReference; explicitFileType = wrapper.application; includeInIndex = 0; path = Petcare.app; sourceTree = BUILT_PRODUCTS_DIR; };
		933780112ADA7DA800103273 /* AppDelegate.swift */ = {isa = PBXFileReference; lastKnownFileType = sourcecode.swift; path = AppDelegate.swift; sourceTree = "<group>"; };
		933780132ADA7DA800103273 /* SceneDelegate.swift */ = {isa = PBXFileReference; lastKnownFileType = sourcecode.swift; path = SceneDelegate.swift; sourceTree = "<group>"; };
		933780182ADA7DA800103273 /* Base */ = {isa = PBXFileReference; lastKnownFileType = file.storyboard; name = Base; path = Base.lproj/Main.storyboard; sourceTree = "<group>"; };
		9337801A2ADA7DAA00103273 /* Assets.xcassets */ = {isa = PBXFileReference; lastKnownFileType = folder.assetcatalog; path = Assets.xcassets; sourceTree = "<group>"; };
		9337801D2ADA7DAA00103273 /* Base */ = {isa = PBXFileReference; lastKnownFileType = file.storyboard; name = Base; path = Base.lproj/LaunchScreen.storyboard; sourceTree = "<group>"; };
		9337801F2ADA7DAA00103273 /* Info.plist */ = {isa = PBXFileReference; lastKnownFileType = text.plist.xml; path = Info.plist; sourceTree = "<group>"; };
		9337803D2ADA80FF00103273 /* Constants.swift */ = {isa = PBXFileReference; lastKnownFileType = sourcecode.swift; path = Constants.swift; sourceTree = "<group>"; };
		933780402ADA814400103273 /* OnboardingModel.swift */ = {isa = PBXFileReference; lastKnownFileType = sourcecode.swift; path = OnboardingModel.swift; sourceTree = "<group>"; };
		933780462ADA816F00103273 /* OnboardingViewController.swift */ = {isa = PBXFileReference; lastKnownFileType = sourcecode.swift; path = OnboardingViewController.swift; sourceTree = "<group>"; };
		933780482ADA81A100103273 /* OnboardingPresenter.swift */ = {isa = PBXFileReference; lastKnownFileType = sourcecode.swift; path = OnboardingPresenter.swift; sourceTree = "<group>"; };
		9337804A2ADA81A700103273 /* OnboardingRouter.swift */ = {isa = PBXFileReference; lastKnownFileType = sourcecode.swift; path = OnboardingRouter.swift; sourceTree = "<group>"; };
		9337804C2ADA81AF00103273 /* OnboardingInteractor.swift */ = {isa = PBXFileReference; lastKnownFileType = sourcecode.swift; path = OnboardingInteractor.swift; sourceTree = "<group>"; };
		933780502ADA823300103273 /* Login.storyboard */ = {isa = PBXFileReference; lastKnownFileType = file.storyboard; path = Login.storyboard; sourceTree = "<group>"; };
		933780522ADA823D00103273 /* LoginViewController.swift */ = {isa = PBXFileReference; lastKnownFileType = sourcecode.swift; path = LoginViewController.swift; sourceTree = "<group>"; };
		933780542ADA824500103273 /* LoginPresenter.swift */ = {isa = PBXFileReference; lastKnownFileType = sourcecode.swift; path = LoginPresenter.swift; sourceTree = "<group>"; };
		933780562ADA824D00103273 /* LoginInteractor.swift */ = {isa = PBXFileReference; lastKnownFileType = sourcecode.swift; path = LoginInteractor.swift; sourceTree = "<group>"; };
		933780582ADA825200103273 /* LoginRouter.swift */ = {isa = PBXFileReference; lastKnownFileType = sourcecode.swift; path = LoginRouter.swift; sourceTree = "<group>"; };
		9337805A2ADA826B00103273 /* User.swift */ = {isa = PBXFileReference; lastKnownFileType = sourcecode.swift; path = User.swift; sourceTree = "<group>"; };
		9337805E2ADC0DC000103273 /* SplashViewController.swift */ = {isa = PBXFileReference; lastKnownFileType = sourcecode.swift; path = SplashViewController.swift; sourceTree = "<group>"; };
		933780642ADC0DF000103273 /* SplashRouter.swift */ = {isa = PBXFileReference; lastKnownFileType = sourcecode.swift; path = SplashRouter.swift; sourceTree = "<group>"; };
		933780662ADC0DF900103273 /* SplashPresenter.swift */ = {isa = PBXFileReference; lastKnownFileType = sourcecode.swift; path = SplashPresenter.swift; sourceTree = "<group>"; };
		933780682ADC0DFF00103273 /* SplashInteractor.swift */ = {isa = PBXFileReference; lastKnownFileType = sourcecode.swift; path = SplashInteractor.swift; sourceTree = "<group>"; };
		934702022B0E6BE70033C7CE /* PasswordValidationView.swift */ = {isa = PBXFileReference; lastKnownFileType = sourcecode.swift; path = PasswordValidationView.swift; sourceTree = "<group>"; };
		934702042B0E78680033C7CE /* LoadingUICustomButton.swift */ = {isa = PBXFileReference; lastKnownFileType = sourcecode.swift; path = LoadingUICustomButton.swift; sourceTree = "<group>"; };
		934702062B0E84C40033C7CE /* UIColor + Extension.swift */ = {isa = PBXFileReference; lastKnownFileType = sourcecode.swift; path = "UIColor + Extension.swift"; sourceTree = "<group>"; };
		934702092B0FEB8E0033C7CE /* CustomCollectionView.swift */ = {isa = PBXFileReference; lastKnownFileType = sourcecode.swift; path = CustomCollectionView.swift; sourceTree = "<group>"; };
		9347020B2B0FF0540033C7CE /* Onboarding.storyboard */ = {isa = PBXFileReference; lastKnownFileType = file.storyboard; path = Onboarding.storyboard; sourceTree = "<group>"; };
		934702102B0FF8910033C7CE /* CustomTextfieldBase.swift */ = {isa = PBXFileReference; lastKnownFileType = sourcecode.swift; path = CustomTextfieldBase.swift; sourceTree = "<group>"; };
		934702132B10F6260033C7CE /* Validations.swift */ = {isa = PBXFileReference; lastKnownFileType = sourcecode.swift; path = Validations.swift; sourceTree = "<group>"; };
		9348B45D2AE0631E00F7185A /* AppFonts.swift */ = {isa = PBXFileReference; lastKnownFileType = sourcecode.swift; path = AppFonts.swift; sourceTree = "<group>"; };
		93732DF12B16598900DE636E /* CustomSecurityPassword.swift */ = {isa = PBXFileReference; lastKnownFileType = sourcecode.swift; path = CustomSecurityPassword.swift; sourceTree = "<group>"; };
		93732DF42B166A4C00DE636E /* Network */ = {isa = PBXFileReference; lastKnownFileType = wrapper; path = Network; sourceTree = "<group>"; };
		93732DF82B16701E00DE636E /* UserSignUp.swift */ = {isa = PBXFileReference; lastKnownFileType = sourcecode.swift; path = UserSignUp.swift; sourceTree = "<group>"; };
		93822B312AF9672400989255 /* AppColors.swift */ = {isa = PBXFileReference; lastKnownFileType = sourcecode.swift; path = AppColors.swift; sourceTree = "<group>"; };
		93822B342AF9698500989255 /* SecurityTextfield.swift */ = {isa = PBXFileReference; lastKnownFileType = sourcecode.swift; path = SecurityTextfield.swift; sourceTree = "<group>"; };
		93822B382AF9886B00989255 /* Register.storyboard */ = {isa = PBXFileReference; lastKnownFileType = file.storyboard; path = Register.storyboard; sourceTree = "<group>"; };
		93822B3A2AF9887300989255 /* RegisterViewController.swift */ = {isa = PBXFileReference; lastKnownFileType = sourcecode.swift; path = RegisterViewController.swift; sourceTree = "<group>"; };
		93822B3C2AF9887C00989255 /* RegisterInteractor.swift */ = {isa = PBXFileReference; lastKnownFileType = sourcecode.swift; path = RegisterInteractor.swift; sourceTree = "<group>"; };
		93822B3E2AF9888600989255 /* RegisterPresenter.swift */ = {isa = PBXFileReference; lastKnownFileType = sourcecode.swift; path = RegisterPresenter.swift; sourceTree = "<group>"; };
		93822B402AF9888B00989255 /* RegisterRouter.swift */ = {isa = PBXFileReference; lastKnownFileType = sourcecode.swift; path = RegisterRouter.swift; sourceTree = "<group>"; };
		93822B422AFA85B500989255 /* ForgotPassword.storyboard */ = {isa = PBXFileReference; lastKnownFileType = file.storyboard; path = ForgotPassword.storyboard; sourceTree = "<group>"; };
		93822B442AFA85BF00989255 /* ForgotPasswordViewController.swift */ = {isa = PBXFileReference; lastKnownFileType = sourcecode.swift; path = ForgotPasswordViewController.swift; sourceTree = "<group>"; };
		93822B462AFA85C800989255 /* ForgotPasswordPresenter.swift */ = {isa = PBXFileReference; lastKnownFileType = sourcecode.swift; path = ForgotPasswordPresenter.swift; sourceTree = "<group>"; };
		93822B482AFA85DE00989255 /* ForgotPasswordInteractor.swift */ = {isa = PBXFileReference; lastKnownFileType = sourcecode.swift; path = ForgotPasswordInteractor.swift; sourceTree = "<group>"; };
		93822B4A2AFA85E500989255 /* ForgotPasswordRouter.swift */ = {isa = PBXFileReference; lastKnownFileType = sourcecode.swift; path = ForgotPasswordRouter.swift; sourceTree = "<group>"; };
		93822B4C2AFAC2EA00989255 /* UICustomButton.swift */ = {isa = PBXFileReference; lastKnownFileType = sourcecode.swift; path = UICustomButton.swift; sourceTree = "<group>"; };
		93C46DF92B040C540055BA0F /* CustomTextField.swift */ = {isa = PBXFileReference; lastKnownFileType = sourcecode.swift; path = CustomTextField.swift; sourceTree = "<group>"; };
		93C46E092B04C7AF0055BA0F /* LoginButton.swift */ = {isa = PBXFileReference; lastKnownFileType = sourcecode.swift; path = LoginButton.swift; sourceTree = "<group>"; };
		93C46E0B2B04CB620055BA0F /* GoogleButton.swift */ = {isa = PBXFileReference; lastKnownFileType = sourcecode.swift; path = GoogleButton.swift; sourceTree = "<group>"; };
		93C46E0D2B04EB310055BA0F /* UINavigationController + Extension.swift */ = {isa = PBXFileReference; lastKnownFileType = sourcecode.swift; path = "UINavigationController + Extension.swift"; sourceTree = "<group>"; };
		93C46E122B0509DD0055BA0F /* Combine.framework */ = {isa = PBXFileReference; lastKnownFileType = wrapper.framework; name = Combine.framework; path = System/Library/Frameworks/Combine.framework; sourceTree = SDKROOT; };
		93C46E152B0542B30055BA0F /* CustomLabel.swift */ = {isa = PBXFileReference; lastKnownFileType = sourcecode.swift; path = CustomLabel.swift; sourceTree = "<group>"; };
		93C46E172B0548B00055BA0F /* PatiButton.swift */ = {isa = PBXFileReference; lastKnownFileType = sourcecode.swift; path = PatiButton.swift; sourceTree = "<group>"; };
		93CE90662AF7BA2E0025FBB0 /* Home.storyboard */ = {isa = PBXFileReference; lastKnownFileType = file.storyboard; path = Home.storyboard; sourceTree = "<group>"; };
		93CE90682AF7BA380025FBB0 /* HomeViewController.swift */ = {isa = PBXFileReference; lastKnownFileType = sourcecode.swift; path = HomeViewController.swift; sourceTree = "<group>"; };
		93CE906A2AF7BA420025FBB0 /* HomeEntity.swift */ = {isa = PBXFileReference; lastKnownFileType = sourcecode.swift; path = HomeEntity.swift; sourceTree = "<group>"; };
		93CE906C2AF7BA4C0025FBB0 /* HomePresenter.swift */ = {isa = PBXFileReference; lastKnownFileType = sourcecode.swift; path = HomePresenter.swift; sourceTree = "<group>"; };
		93CE906E2AF7BA550025FBB0 /* HomeInteractor.swift */ = {isa = PBXFileReference; lastKnownFileType = sourcecode.swift; path = HomeInteractor.swift; sourceTree = "<group>"; };
		93CE90702AF7BA5C0025FBB0 /* HomeRouter.swift */ = {isa = PBXFileReference; lastKnownFileType = sourcecode.swift; path = HomeRouter.swift; sourceTree = "<group>"; };
		93CE90722AF7BA910025FBB0 /* MainTabbar.swift */ = {isa = PBXFileReference; lastKnownFileType = sourcecode.swift; path = MainTabbar.swift; sourceTree = "<group>"; };
		93CE90742AF7D51C0025FBB0 /* Calendar.storyboard */ = {isa = PBXFileReference; lastKnownFileType = file.storyboard; path = Calendar.storyboard; sourceTree = "<group>"; };
		93CE90762AF7D5260025FBB0 /* CalendarViewController.swift */ = {isa = PBXFileReference; lastKnownFileType = sourcecode.swift; path = CalendarViewController.swift; sourceTree = "<group>"; };
		93CE90782AF7D5370025FBB0 /* CalendarRouter.swift */ = {isa = PBXFileReference; lastKnownFileType = sourcecode.swift; path = CalendarRouter.swift; sourceTree = "<group>"; };
		93CE907A2AF7D53F0025FBB0 /* CalendarInteractor.swift */ = {isa = PBXFileReference; lastKnownFileType = sourcecode.swift; path = CalendarInteractor.swift; sourceTree = "<group>"; };
		93CE907C2AF7D5460025FBB0 /* CalendarPresenter.swift */ = {isa = PBXFileReference; lastKnownFileType = sourcecode.swift; path = CalendarPresenter.swift; sourceTree = "<group>"; };
		93CE907E2AF7D5580025FBB0 /* CalendarModel.swift */ = {isa = PBXFileReference; lastKnownFileType = sourcecode.swift; path = CalendarModel.swift; sourceTree = "<group>"; };
		93CE90802AF7D57F0025FBB0 /* VetMap.storyboard */ = {isa = PBXFileReference; lastKnownFileType = file.storyboard; path = VetMap.storyboard; sourceTree = "<group>"; };
		93CE90822AF7D5980025FBB0 /* VetMapViewController.swift */ = {isa = PBXFileReference; lastKnownFileType = sourcecode.swift; path = VetMapViewController.swift; sourceTree = "<group>"; };
		93CE90842AF7D5AF0025FBB0 /* VetMapRouter.swift */ = {isa = PBXFileReference; lastKnownFileType = sourcecode.swift; path = VetMapRouter.swift; sourceTree = "<group>"; };
		93CE90862AF7D5C40025FBB0 /* VetMapInteractor.swift */ = {isa = PBXFileReference; lastKnownFileType = sourcecode.swift; path = VetMapInteractor.swift; sourceTree = "<group>"; };
		93CE90882AF7D5CC0025FBB0 /* VetMapPresenter.swift */ = {isa = PBXFileReference; lastKnownFileType = sourcecode.swift; path = VetMapPresenter.swift; sourceTree = "<group>"; };
		93CE908A2AF7D5E00025FBB0 /* Settings.storyboard */ = {isa = PBXFileReference; lastKnownFileType = file.storyboard; path = Settings.storyboard; sourceTree = "<group>"; };
		93CE908C2AF7D5E60025FBB0 /* SettingsViewController.swift */ = {isa = PBXFileReference; lastKnownFileType = sourcecode.swift; path = SettingsViewController.swift; sourceTree = "<group>"; };
		93CE908E2AF7D5F50025FBB0 /* SettingsInteractor.swift */ = {isa = PBXFileReference; lastKnownFileType = sourcecode.swift; path = SettingsInteractor.swift; sourceTree = "<group>"; };
		93CE90902AF7D5FA0025FBB0 /* SettingsPresenter.swift */ = {isa = PBXFileReference; lastKnownFileType = sourcecode.swift; path = SettingsPresenter.swift; sourceTree = "<group>"; };
		93CE90922AF7D6000025FBB0 /* SettingsRouter.swift */ = {isa = PBXFileReference; lastKnownFileType = sourcecode.swift; path = SettingsRouter.swift; sourceTree = "<group>"; };
		93CE90942AF7E1C60025FBB0 /* Tabbar.swift */ = {isa = PBXFileReference; lastKnownFileType = sourcecode.swift; path = Tabbar.swift; sourceTree = "<group>"; };
		93F0CE422B0CE62E00D5BAD7 /* CustomStackView.swift */ = {isa = PBXFileReference; lastKnownFileType = sourcecode.swift; path = CustomStackView.swift; sourceTree = "<group>"; };
/* End PBXFileReference section */

/* Begin PBXFrameworksBuildPhase section */
		931144EE2B02B6D900F6365E /* Frameworks */ = {
			isa = PBXFrameworksBuildPhase;
			buildActionMask = 2147483647;
			files = (
			);
			runOnlyForDeploymentPostprocessing = 0;
		};
		9337800B2ADA7DA800103273 /* Frameworks */ = {
			isa = PBXFrameworksBuildPhase;
			buildActionMask = 2147483647;
			files = (
				93C46E132B0509DD0055BA0F /* Combine.framework in Frameworks */,
				93732DF62B166D9E00DE636E /* Network in Frameworks */,
			);
			runOnlyForDeploymentPostprocessing = 0;
		};
/* End PBXFrameworksBuildPhase section */

/* Begin PBXGroup section */
		93048EDB2B09503F000BD03A /* ForgotPassword */ = {
			isa = PBXGroup;
			children = (
				93822B4A2AFA85E500989255 /* ForgotPasswordRouter.swift */,
				93822B482AFA85DE00989255 /* ForgotPasswordInteractor.swift */,
				93822B462AFA85C800989255 /* ForgotPasswordPresenter.swift */,
				93822B442AFA85BF00989255 /* ForgotPasswordViewController.swift */,
				93822B422AFA85B500989255 /* ForgotPassword.storyboard */,
			);
			path = ForgotPassword;
			sourceTree = "<group>";
		};
		93048EDC2B09504C000BD03A /* SmsOtp */ = {
			isa = PBXGroup;
			children = (
				93048EDE2B095096000BD03A /* SmsOtpViewController.swift */,
			);
			path = SmsOtp;
			sourceTree = "<group>";
		};
		93048EDD2B095066000BD03A /* NewPassword */ = {
			isa = PBXGroup;
			children = (
				93048EE02B0950C2000BD03A /* NewPasswordViewController.swift */,
			);
			path = NewPassword;
			sourceTree = "<group>";
		};
		93048F0B2B0A900D000BD03A /* Textfields */ = {
			isa = PBXGroup;
			children = (
				93822B342AF9698500989255 /* SecurityTextfield.swift */,
			);
			path = Textfields;
			sourceTree = "<group>";
		};
		9309ADF02B389E1D001BC2B0 /* Entity */ = {
			isa = PBXGroup;
			children = (
				93CE906A2AF7BA420025FBB0 /* HomeEntity.swift */,
				9309ADF12B389E39001BC2B0 /* PetAvatarModel.swift */,
			);
			path = Entity;
			sourceTree = "<group>";
		};
		931144E42AFC178500F6365E /* UIComponents */ = {
			isa = PBXGroup;
			children = (
				9347020D2B0FF6DE0033C7CE /* FactoryTextfield */,
				934702082B0FEB7E0033C7CE /* CustomCollectionView */,
				93F0CE412B0CE62000D5BAD7 /* CustomStackView */,
				93C46E142B05429B0055BA0F /* CustomLabel */,
				93048F0B2B0A900D000BD03A /* Textfields */,
				93C46E102B0509000055BA0F /* Buttons */,
				934702022B0E6BE70033C7CE /* PasswordValidationView.swift */,
			);
			path = UIComponents;
			sourceTree = "<group>";
		};
		931144E72AFC1A7700F6365E /* Protocols */ = {
			isa = PBXGroup;
			children = (
				931144E82AFC1B0900F6365E /* ViewCoding.swift */,
			);
			path = Protocols;
			sourceTree = "<group>";
		};
		931144EA2AFC1DA800F6365E /* View */ = {
			isa = PBXGroup;
			children = (
				931144EB2AFC1DC000F6365E /* OnboardingView.swift */,
				933780462ADA816F00103273 /* OnboardingViewController.swift */,
				9347020B2B0FF0540033C7CE /* Onboarding.storyboard */,
			);
			path = View;
			sourceTree = "<group>";
		};
		931144F22B02B6DA00F6365E /* Petcare-iOSTests */ = {
			isa = PBXGroup;
			children = (
				931144FB2B02B6FC00F6365E /* New Group */,
				931144FA2B02B6F400F6365E /* Modules */,
				931144F32B02B6DA00F6365E /* Petcare_iOSTests.swift */,
			);
			path = "Petcare-iOSTests";
			sourceTree = "<group>";
		};
		931144FA2B02B6F400F6365E /* Modules */ = {
			isa = PBXGroup;
			children = (
				931144FC2B02B70200F6365E /* Onboarding */,
			);
			path = Modules;
			sourceTree = "<group>";
		};
		931144FB2B02B6FC00F6365E /* New Group */ = {
			isa = PBXGroup;
			children = (
			);
			path = "New Group";
			sourceTree = "<group>";
		};
		931144FC2B02B70200F6365E /* Onboarding */ = {
			isa = PBXGroup;
			children = (
				931145002B02B79900F6365E /* OnboardingViewMock.swift */,
			);
			path = Onboarding;
			sourceTree = "<group>";
		};
		933780052ADA7DA800103273 = {
			isa = PBXGroup;
			children = (
				93732DF42B166A4C00DE636E /* Network */,
				933780102ADA7DA800103273 /* Petcare-iOS */,
				931144F22B02B6DA00F6365E /* Petcare-iOSTests */,
				9337800F2ADA7DA800103273 /* Products */,
				93C46E112B0509DC0055BA0F /* Frameworks */,
			);
			sourceTree = "<group>";
		};
		9337800F2ADA7DA800103273 /* Products */ = {
			isa = PBXGroup;
			children = (
				9337800E2ADA7DA800103273 /* Petcare.app */,
				931144F12B02B6D900F6365E /* Petcare-iOSTests.xctest */,
			);
			name = Products;
			sourceTree = "<group>";
		};
		933780102ADA7DA800103273 /* Petcare-iOS */ = {
			isa = PBXGroup;
			children = (
				933780252ADA7E0400103273 /* App */,
				9348B4542AE061EA00F7185A /* Utils */,
				933780282ADA7E2200103273 /* Core */,
				9337802C2ADA7E4100103273 /* Modules */,
				933780262ADA7E1300103273 /* Resources */,
				93048F182B0AA08B000BD03A /* Localizable.strings */,
			);
			path = "Petcare-iOS";
			sourceTree = "<group>";
		};
		933780252ADA7E0400103273 /* App */ = {
			isa = PBXGroup;
			children = (
				933780132ADA7DA800103273 /* SceneDelegate.swift */,
				933780112ADA7DA800103273 /* AppDelegate.swift */,
			);
			path = App;
			sourceTree = "<group>";
		};
		933780262ADA7E1300103273 /* Resources */ = {
			isa = PBXGroup;
			children = (
				9337801C2ADA7DAA00103273 /* LaunchScreen.storyboard */,
				9337801F2ADA7DAA00103273 /* Info.plist */,
				9337801A2ADA7DAA00103273 /* Assets.xcassets */,
				933780172ADA7DA800103273 /* Main.storyboard */,
			);
			path = Resources;
			sourceTree = "<group>";
		};
		933780282ADA7E2200103273 /* Core */ = {
			isa = PBXGroup;
			children = (
				93C46E0F2B0508F30055BA0F /* UICollectionViewCell */,
				933780352ADA7E9100103273 /* MainTabbar */,
			);
			path = Core;
			sourceTree = "<group>";
		};
		9337802A2ADA7E2C00103273 /* Extensions */ = {
			isa = PBXGroup;
			children = (
				9309ADF72B3CAB4B001BC2B0 /* UIScreen + Extension.swift */,
				93C46E0D2B04EB310055BA0F /* UINavigationController + Extension.swift */,
				93048F082B0A8F8F000BD03A /* Int + Extension.swift */,
				93048F1B2B0AA4DD000BD03A /* String + Extension.swift */,
				934702062B0E84C40033C7CE /* UIColor + Extension.swift */,
				9309ADF52B3CA127001BC2B0 /* UIImage + Extension.swift */,
			);
			path = Extensions;
			sourceTree = "<group>";
		};
		9337802B2ADA7E3600103273 /* Constants */ = {
			isa = PBXGroup;
			children = (
				9337803D2ADA80FF00103273 /* Constants.swift */,
				93CE90942AF7E1C60025FBB0 /* Tabbar.swift */,
				9348B45D2AE0631E00F7185A /* AppFonts.swift */,
				93822B312AF9672400989255 /* AppColors.swift */,
				93048F0C2B0A9164000BD03A /* Size.swift */,
			);
			path = Constants;
			sourceTree = "<group>";
		};
		9337802C2ADA7E4100103273 /* Modules */ = {
			isa = PBXGroup;
			children = (
				9337802D2ADA7E4C00103273 /* Splash */,
				9337802E2ADA7E5400103273 /* Onboarding */,
				9337802F2ADA7E5A00103273 /* Authentication */,
				933780302ADA7E6600103273 /* Main */,
			);
			path = Modules;
			sourceTree = "<group>";
		};
		9337802D2ADA7E4C00103273 /* Splash */ = {
			isa = PBXGroup;
			children = (
				933780642ADC0DF000103273 /* SplashRouter.swift */,
				933780682ADC0DFF00103273 /* SplashInteractor.swift */,
				933780662ADC0DF900103273 /* SplashPresenter.swift */,
				9337805E2ADC0DC000103273 /* SplashViewController.swift */,
				930CB6BF2AF18F4F00E632A7 /* Splash.storyboard */,
			);
			path = Splash;
			sourceTree = "<group>";
		};
		9337802E2ADA7E5400103273 /* Onboarding */ = {
			isa = PBXGroup;
			children = (
				931144EA2AFC1DA800F6365E /* View */,
				933780402ADA814400103273 /* OnboardingModel.swift */,
				9337804A2ADA81A700103273 /* OnboardingRouter.swift */,
				9337804C2ADA81AF00103273 /* OnboardingInteractor.swift */,
				933780482ADA81A100103273 /* OnboardingPresenter.swift */,
			);
			path = Onboarding;
			sourceTree = "<group>";
		};
		9337802F2ADA7E5A00103273 /* Authentication */ = {
			isa = PBXGroup;
			children = (
				933780392ADA7F2900103273 /* Login */,
				9337803C2ADA7F4000103273 /* ForgotPasswordFlow */,
				9337803A2ADA7F2F00103273 /* Register */,
			);
			path = Authentication;
			sourceTree = "<group>";
		};
		933780302ADA7E6600103273 /* Main */ = {
			isa = PBXGroup;
			children = (
				933780332ADA7E7B00103273 /* Home */,
				933780372ADA7EA900103273 /* Calendar */,
				933780322ADA7E7200103273 /* VetMaps */,
				933780362ADA7E9600103273 /* Settings */,
			);
			path = Main;
			sourceTree = "<group>";
		};
		933780322ADA7E7200103273 /* VetMaps */ = {
			isa = PBXGroup;
			children = (
				93CE90842AF7D5AF0025FBB0 /* VetMapRouter.swift */,
				93CE90862AF7D5C40025FBB0 /* VetMapInteractor.swift */,
				93CE90882AF7D5CC0025FBB0 /* VetMapPresenter.swift */,
				93CE90822AF7D5980025FBB0 /* VetMapViewController.swift */,
				93CE90802AF7D57F0025FBB0 /* VetMap.storyboard */,
			);
			path = VetMaps;
			sourceTree = "<group>";
		};
		933780332ADA7E7B00103273 /* Home */ = {
			isa = PBXGroup;
			children = (
				9309ADF02B389E1D001BC2B0 /* Entity */,
				93CE90702AF7BA5C0025FBB0 /* HomeRouter.swift */,
				93CE906E2AF7BA550025FBB0 /* HomeInteractor.swift */,
				93CE906C2AF7BA4C0025FBB0 /* HomePresenter.swift */,
				93CE90682AF7BA380025FBB0 /* HomeViewController.swift */,
				93CE90662AF7BA2E0025FBB0 /* Home.storyboard */,
			);
			path = Home;
			sourceTree = "<group>";
		};
		933780352ADA7E9100103273 /* MainTabbar */ = {
			isa = PBXGroup;
			children = (
				93CE90722AF7BA910025FBB0 /* MainTabbar.swift */,
			);
			path = MainTabbar;
			sourceTree = "<group>";
		};
		933780362ADA7E9600103273 /* Settings */ = {
			isa = PBXGroup;
			children = (
				93CE90922AF7D6000025FBB0 /* SettingsRouter.swift */,
				93CE908E2AF7D5F50025FBB0 /* SettingsInteractor.swift */,
				93CE90902AF7D5FA0025FBB0 /* SettingsPresenter.swift */,
				93CE908C2AF7D5E60025FBB0 /* SettingsViewController.swift */,
				93CE908A2AF7D5E00025FBB0 /* Settings.storyboard */,
			);
			path = Settings;
			sourceTree = "<group>";
		};
		933780372ADA7EA900103273 /* Calendar */ = {
			isa = PBXGroup;
			children = (
				93CE907E2AF7D5580025FBB0 /* CalendarModel.swift */,
				93CE90782AF7D5370025FBB0 /* CalendarRouter.swift */,
				93CE907A2AF7D53F0025FBB0 /* CalendarInteractor.swift */,
				93CE907C2AF7D5460025FBB0 /* CalendarPresenter.swift */,
				93CE90762AF7D5260025FBB0 /* CalendarViewController.swift */,
				93CE90742AF7D51C0025FBB0 /* Calendar.storyboard */,
			);
			path = Calendar;
			sourceTree = "<group>";
		};
		933780392ADA7F2900103273 /* Login */ = {
			isa = PBXGroup;
			children = (
				9337805A2ADA826B00103273 /* User.swift */,
				933780582ADA825200103273 /* LoginRouter.swift */,
				933780562ADA824D00103273 /* LoginInteractor.swift */,
				933780542ADA824500103273 /* LoginPresenter.swift */,
				933780522ADA823D00103273 /* LoginViewController.swift */,
				933780502ADA823300103273 /* Login.storyboard */,
			);
			path = Login;
			sourceTree = "<group>";
		};
		9337803A2ADA7F2F00103273 /* Register */ = {
			isa = PBXGroup;
			children = (
				93732DF72B16700F00DE636E /* Entity */,
				93822B402AF9888B00989255 /* RegisterRouter.swift */,
				93822B3C2AF9887C00989255 /* RegisterInteractor.swift */,
				93822B3E2AF9888600989255 /* RegisterPresenter.swift */,
				93822B3A2AF9887300989255 /* RegisterViewController.swift */,
				93822B382AF9886B00989255 /* Register.storyboard */,
			);
			name = Register;
			path = "Regşster";
			sourceTree = "<group>";
		};
		9337803C2ADA7F4000103273 /* ForgotPasswordFlow */ = {
			isa = PBXGroup;
			children = (
				93048EDB2B09503F000BD03A /* ForgotPassword */,
				93048EDC2B09504C000BD03A /* SmsOtp */,
				93048EDD2B095066000BD03A /* NewPassword */,
			);
			path = ForgotPasswordFlow;
			sourceTree = "<group>";
		};
		934702082B0FEB7E0033C7CE /* CustomCollectionView */ = {
			isa = PBXGroup;
			children = (
				934702092B0FEB8E0033C7CE /* CustomCollectionView.swift */,
			);
			path = CustomCollectionView;
			sourceTree = "<group>";
		};
		9347020D2B0FF6DE0033C7CE /* FactoryTextfield */ = {
			isa = PBXGroup;
			children = (
				93C46DF92B040C540055BA0F /* CustomTextField.swift */,
				934702102B0FF8910033C7CE /* CustomTextfieldBase.swift */,
				93732DF12B16598900DE636E /* CustomSecurityPassword.swift */,
			);
			path = FactoryTextfield;
			sourceTree = "<group>";
		};
		934702122B10F61C0033C7CE /* Functions */ = {
			isa = PBXGroup;
			children = (
				934702132B10F6260033C7CE /* Validations.swift */,
			);
			path = Functions;
			sourceTree = "<group>";
		};
		9348B4542AE061EA00F7185A /* Utils */ = {
			isa = PBXGroup;
			children = (
				934702122B10F61C0033C7CE /* Functions */,
				931144E42AFC178500F6365E /* UIComponents */,
				9348B4552AE061F500F7185A /* Fonts */,
				9337802A2ADA7E2C00103273 /* Extensions */,
				9337802B2ADA7E3600103273 /* Constants */,
				931144E72AFC1A7700F6365E /* Protocols */,
			);
			path = Utils;
			sourceTree = "<group>";
		};
		9348B4552AE061F500F7185A /* Fonts */ = {
			isa = PBXGroup;
			children = (
				93048EFF2B0966DB000BD03A /* Poppins-Black.ttf */,
				93048EFC2B0966DB000BD03A /* Poppins-Bold.ttf */,
				93048EFE2B0966DB000BD03A /* Poppins-Medium.ttf */,
				93048F002B0966DB000BD03A /* Poppins-Regular.ttf */,
				93048EFD2B0966DB000BD03A /* Poppins-SemiBold.ttf */,
				93048F012B0966DB000BD03A /* Poppins-Thin.ttf */,
			);
			path = Fonts;
			sourceTree = "<group>";
		};
		93732DF72B16700F00DE636E /* Entity */ = {
			isa = PBXGroup;
			children = (
				93732DF82B16701E00DE636E /* UserSignUp.swift */,
			);
			path = Entity;
			sourceTree = "<group>";
		};
		93C46E0F2B0508F30055BA0F /* UICollectionViewCell */ = {
			isa = PBXGroup;
			children = (
				931144E52AFC179500F6365E /* OnboardingCell.swift */,
				9309ADEE2B389DCC001BC2B0 /* PetAvatarCell.swift */,
			);
			path = UICollectionViewCell;
			sourceTree = "<group>";
		};
		93C46E102B0509000055BA0F /* Buttons */ = {
			isa = PBXGroup;
			children = (
				93822B4C2AFAC2EA00989255 /* UICustomButton.swift */,
				93C46E172B0548B00055BA0F /* PatiButton.swift */,
				93C46E092B04C7AF0055BA0F /* LoginButton.swift */,
				93C46E0B2B04CB620055BA0F /* GoogleButton.swift */,
				934702042B0E78680033C7CE /* LoadingUICustomButton.swift */,
				9309ADF32B3B6E4F001BC2B0 /* SeeAllButton.swift */,
			);
			path = Buttons;
			sourceTree = "<group>";
		};
		93C46E112B0509DC0055BA0F /* Frameworks */ = {
			isa = PBXGroup;
			children = (
				93C46E122B0509DD0055BA0F /* Combine.framework */,
			);
			name = Frameworks;
			sourceTree = "<group>";
		};
		93C46E142B05429B0055BA0F /* CustomLabel */ = {
			isa = PBXGroup;
			children = (
				93C46E152B0542B30055BA0F /* CustomLabel.swift */,
			);
			path = CustomLabel;
			sourceTree = "<group>";
		};
		93F0CE412B0CE62000D5BAD7 /* CustomStackView */ = {
			isa = PBXGroup;
			children = (
				93F0CE422B0CE62E00D5BAD7 /* CustomStackView.swift */,
			);
			path = CustomStackView;
			sourceTree = "<group>";
		};
/* End PBXGroup section */

/* Begin PBXNativeTarget section */
		931144F02B02B6D900F6365E /* Petcare-iOSTests */ = {
			isa = PBXNativeTarget;
			buildConfigurationList = 931144F72B02B6DA00F6365E /* Build configuration list for PBXNativeTarget "Petcare-iOSTests" */;
			buildPhases = (
				931144ED2B02B6D900F6365E /* Sources */,
				931144EE2B02B6D900F6365E /* Frameworks */,
				931144EF2B02B6D900F6365E /* Resources */,
			);
			buildRules = (
			);
			dependencies = (
				931144F62B02B6DA00F6365E /* PBXTargetDependency */,
			);
			name = "Petcare-iOSTests";
			productName = "Petcare-iOSTests";
			productReference = 931144F12B02B6D900F6365E /* Petcare-iOSTests.xctest */;
			productType = "com.apple.product-type.bundle.unit-test";
		};
		9337800D2ADA7DA800103273 /* Petcare-iOS */ = {
			isa = PBXNativeTarget;
			buildConfigurationList = 933780222ADA7DAA00103273 /* Build configuration list for PBXNativeTarget "Petcare-iOS" */;
			buildPhases = (
				9337800A2ADA7DA800103273 /* Sources */,
				9337800B2ADA7DA800103273 /* Frameworks */,
				9337800C2ADA7DA800103273 /* Resources */,
			);
			buildRules = (
			);
			dependencies = (
			);
			name = "Petcare-iOS";
			packageProductDependencies = (
				93732DF52B166D9E00DE636E /* Network */,
			);
			productName = "Petcare-iOS";
			productReference = 9337800E2ADA7DA800103273 /* Petcare.app */;
			productType = "com.apple.product-type.application";
		};
/* End PBXNativeTarget section */

/* Begin PBXProject section */
		933780062ADA7DA800103273 /* Project object */ = {
			isa = PBXProject;
			attributes = {
				BuildIndependentTargetsInParallel = 1;
				LastSwiftUpdateCheck = 1500;
				LastUpgradeCheck = 1500;
				TargetAttributes = {
					931144F02B02B6D900F6365E = {
						CreatedOnToolsVersion = 15.0.1;
						TestTargetID = 9337800D2ADA7DA800103273;
					};
					9337800D2ADA7DA800103273 = {
						CreatedOnToolsVersion = 15.0;
					};
				};
			};
			buildConfigurationList = 933780092ADA7DA800103273 /* Build configuration list for PBXProject "Petcare-iOS" */;
			compatibilityVersion = "Xcode 14.0";
			developmentRegion = en;
			hasScannedForEncodings = 0;
			knownRegions = (
				en,
				Base,
				tr,
				de,
			);
			mainGroup = 933780052ADA7DA800103273;
			packageReferences = (
				93262B432AEBD1360047A79F /* XCRemoteSwiftPackageReference "CombineCocoa" */,
			);
			productRefGroup = 9337800F2ADA7DA800103273 /* Products */;
			projectDirPath = "";
			projectRoot = "";
			targets = (
				9337800D2ADA7DA800103273 /* Petcare-iOS */,
				931144F02B02B6D900F6365E /* Petcare-iOSTests */,
			);
		};
/* End PBXProject section */

/* Begin PBXResourcesBuildPhase section */
		931144EF2B02B6D900F6365E /* Resources */ = {
			isa = PBXResourcesBuildPhase;
			buildActionMask = 2147483647;
			files = (
			);
			runOnlyForDeploymentPostprocessing = 0;
		};
		9337800C2ADA7DA800103273 /* Resources */ = {
			isa = PBXResourcesBuildPhase;
			buildActionMask = 2147483647;
			files = (
				93048F052B0966DB000BD03A /* Poppins-Black.ttf in Resources */,
				93CE90672AF7BA2E0025FBB0 /* Home.storyboard in Resources */,
				93048F032B0966DB000BD03A /* Poppins-SemiBold.ttf in Resources */,
				93048F072B0966DB000BD03A /* Poppins-Thin.ttf in Resources */,
				9337801E2ADA7DAA00103273 /* LaunchScreen.storyboard in Resources */,
				9337801B2ADA7DAA00103273 /* Assets.xcassets in Resources */,
				93048F062B0966DB000BD03A /* Poppins-Regular.ttf in Resources */,
				933780192ADA7DA800103273 /* Main.storyboard in Resources */,
				93822B432AFA85B500989255 /* ForgotPassword.storyboard in Resources */,
				93CE90752AF7D51C0025FBB0 /* Calendar.storyboard in Resources */,
				933780512ADA823300103273 /* Login.storyboard in Resources */,
				93822B392AF9886B00989255 /* Register.storyboard in Resources */,
				93048F042B0966DB000BD03A /* Poppins-Medium.ttf in Resources */,
				93048F022B0966DB000BD03A /* Poppins-Bold.ttf in Resources */,
				93CE90812AF7D57F0025FBB0 /* VetMap.storyboard in Resources */,
				93048F162B0AA08B000BD03A /* Localizable.strings in Resources */,
				9347020C2B0FF0540033C7CE /* Onboarding.storyboard in Resources */,
				930CB6C02AF18F4F00E632A7 /* Splash.storyboard in Resources */,
				93CE908B2AF7D5E00025FBB0 /* Settings.storyboard in Resources */,
			);
			runOnlyForDeploymentPostprocessing = 0;
		};
/* End PBXResourcesBuildPhase section */

/* Begin PBXSourcesBuildPhase section */
		931144ED2B02B6D900F6365E /* Sources */ = {
			isa = PBXSourcesBuildPhase;
			buildActionMask = 2147483647;
			files = (
				931144F42B02B6DA00F6365E /* Petcare_iOSTests.swift in Sources */,
				931145012B02B79900F6365E /* OnboardingViewMock.swift in Sources */,
			);
			runOnlyForDeploymentPostprocessing = 0;
		};
		9337800A2ADA7DA800103273 /* Sources */ = {
			isa = PBXSourcesBuildPhase;
			buildActionMask = 2147483647;
			files = (
				93F0CE432B0CE62E00D5BAD7 /* CustomStackView.swift in Sources */,
				933780472ADA816F00103273 /* OnboardingViewController.swift in Sources */,
				93822B322AF9672400989255 /* AppColors.swift in Sources */,
				93822B3D2AF9887C00989255 /* RegisterInteractor.swift in Sources */,
				93048F092B0A8F8F000BD03A /* Int + Extension.swift in Sources */,
				933780412ADA814400103273 /* OnboardingModel.swift in Sources */,
				933780122ADA7DA800103273 /* AppDelegate.swift in Sources */,
				93C46E162B0542B30055BA0F /* CustomLabel.swift in Sources */,
				9309ADEF2B389DCC001BC2B0 /* PetAvatarCell.swift in Sources */,
				93CE90832AF7D5980025FBB0 /* VetMapViewController.swift in Sources */,
				933780552ADA824500103273 /* LoginPresenter.swift in Sources */,
				934702052B0E78680033C7CE /* LoadingUICustomButton.swift in Sources */,
				93C46DFA2B040C540055BA0F /* CustomTextField.swift in Sources */,
				933780492ADA81A100103273 /* OnboardingPresenter.swift in Sources */,
				93822B3F2AF9888600989255 /* RegisterPresenter.swift in Sources */,
				9337805B2ADA826B00103273 /* User.swift in Sources */,
				93822B452AFA85BF00989255 /* ForgotPasswordViewController.swift in Sources */,
				9337804D2ADA81AF00103273 /* OnboardingInteractor.swift in Sources */,
				93CE907B2AF7D53F0025FBB0 /* CalendarInteractor.swift in Sources */,
				93CE90772AF7D5260025FBB0 /* CalendarViewController.swift in Sources */,
				93732DF22B16598900DE636E /* CustomSecurityPassword.swift in Sources */,
				9337804B2ADA81A700103273 /* OnboardingRouter.swift in Sources */,
				93CE90872AF7D5C40025FBB0 /* VetMapInteractor.swift in Sources */,
				931144E92AFC1B0900F6365E /* ViewCoding.swift in Sources */,
				93CE90952AF7E1C60025FBB0 /* Tabbar.swift in Sources */,
				9309ADF62B3CA127001BC2B0 /* UIImage + Extension.swift in Sources */,
				93CE90732AF7BA910025FBB0 /* MainTabbar.swift in Sources */,
				933780652ADC0DF000103273 /* SplashRouter.swift in Sources */,
				933780602ADC0DC000103273 /* SplashViewController.swift in Sources */,
				93CE90912AF7D5FA0025FBB0 /* SettingsPresenter.swift in Sources */,
				93822B412AF9888B00989255 /* RegisterRouter.swift in Sources */,
				93C46E0E2B04EB310055BA0F /* UINavigationController + Extension.swift in Sources */,
				9309ADF42B3B6E4F001BC2B0 /* SeeAllButton.swift in Sources */,
				933780672ADC0DF900103273 /* SplashPresenter.swift in Sources */,
				9348B45E2AE0631E00F7185A /* AppFonts.swift in Sources */,
				931144E62AFC179500F6365E /* OnboardingCell.swift in Sources */,
				93CE90712AF7BA5C0025FBB0 /* HomeRouter.swift in Sources */,
				933780572ADA824D00103273 /* LoginInteractor.swift in Sources */,
				934702142B10F6260033C7CE /* Validations.swift in Sources */,
				93CE90932AF7D6000025FBB0 /* SettingsRouter.swift in Sources */,
				931144EC2AFC1DC000F6365E /* OnboardingView.swift in Sources */,
				933780692ADC0DFF00103273 /* SplashInteractor.swift in Sources */,
				93CE907F2AF7D5580025FBB0 /* CalendarModel.swift in Sources */,
				93CE90692AF7BA380025FBB0 /* HomeViewController.swift in Sources */,
				93CE908D2AF7D5E60025FBB0 /* SettingsViewController.swift in Sources */,
				93822B3B2AF9887300989255 /* RegisterViewController.swift in Sources */,
				93CE906B2AF7BA420025FBB0 /* HomeEntity.swift in Sources */,
				93048EDF2B095096000BD03A /* SmsOtpViewController.swift in Sources */,
				93822B472AFA85C800989255 /* ForgotPasswordPresenter.swift in Sources */,
				933780142ADA7DA800103273 /* SceneDelegate.swift in Sources */,
				9309ADF22B389E39001BC2B0 /* PetAvatarModel.swift in Sources */,
				93CE90792AF7D5370025FBB0 /* CalendarRouter.swift in Sources */,
				934702072B0E84C40033C7CE /* UIColor + Extension.swift in Sources */,
				93C46E0A2B04C7AF0055BA0F /* LoginButton.swift in Sources */,
				933780532ADA823D00103273 /* LoginViewController.swift in Sources */,
				93C46E0C2B04CB620055BA0F /* GoogleButton.swift in Sources */,
				9309ADF82B3CAB4B001BC2B0 /* UIScreen + Extension.swift in Sources */,
				93822B492AFA85DE00989255 /* ForgotPasswordInteractor.swift in Sources */,
				9347020A2B0FEB8E0033C7CE /* CustomCollectionView.swift in Sources */,
				93048F0D2B0A9164000BD03A /* Size.swift in Sources */,
				93CE907D2AF7D5460025FBB0 /* CalendarPresenter.swift in Sources */,
				93822B4D2AFAC2EA00989255 /* UICustomButton.swift in Sources */,
				93C46E182B0548B00055BA0F /* PatiButton.swift in Sources */,
				93CE90852AF7D5AF0025FBB0 /* VetMapRouter.swift in Sources */,
				933780592ADA825200103273 /* LoginRouter.swift in Sources */,
				93CE906F2AF7BA550025FBB0 /* HomeInteractor.swift in Sources */,
				93048EE12B0950C2000BD03A /* NewPasswordViewController.swift in Sources */,
				9337803E2ADA80FF00103273 /* Constants.swift in Sources */,
				93CE906D2AF7BA4C0025FBB0 /* HomePresenter.swift in Sources */,
				93732DF92B16701E00DE636E /* UserSignUp.swift in Sources */,
				93822B352AF9698500989255 /* SecurityTextfield.swift in Sources */,
				93048F1C2B0AA4DD000BD03A /* String + Extension.swift in Sources */,
				934702032B0E6BE70033C7CE /* PasswordValidationView.swift in Sources */,
				93822B4B2AFA85E500989255 /* ForgotPasswordRouter.swift in Sources */,
				93CE90892AF7D5CC0025FBB0 /* VetMapPresenter.swift in Sources */,
				93CE908F2AF7D5F50025FBB0 /* SettingsInteractor.swift in Sources */,
				934702112B0FF8910033C7CE /* CustomTextfieldBase.swift in Sources */,
			);
			runOnlyForDeploymentPostprocessing = 0;
		};
/* End PBXSourcesBuildPhase section */

/* Begin PBXTargetDependency section */
		931144F62B02B6DA00F6365E /* PBXTargetDependency */ = {
			isa = PBXTargetDependency;
			target = 9337800D2ADA7DA800103273 /* Petcare-iOS */;
			targetProxy = 931144F52B02B6DA00F6365E /* PBXContainerItemProxy */;
		};
/* End PBXTargetDependency section */

/* Begin PBXVariantGroup section */
		93048F182B0AA08B000BD03A /* Localizable.strings */ = {
			isa = PBXVariantGroup;
			children = (
				93048F172B0AA08B000BD03A /* en */,
				93048F192B0AA08E000BD03A /* tr */,
				93048F1A2B0AA09E000BD03A /* de */,
			);
			name = Localizable.strings;
			sourceTree = "<group>";
		};
		933780172ADA7DA800103273 /* Main.storyboard */ = {
			isa = PBXVariantGroup;
			children = (
				933780182ADA7DA800103273 /* Base */,
				93048F132B0AA030000BD03A /* tr */,
			);
			name = Main.storyboard;
			sourceTree = "<group>";
		};
		9337801C2ADA7DAA00103273 /* LaunchScreen.storyboard */ = {
			isa = PBXVariantGroup;
			children = (
				9337801D2ADA7DAA00103273 /* Base */,
				93048F122B0AA030000BD03A /* tr */,
			);
			name = LaunchScreen.storyboard;
			sourceTree = "<group>";
		};
/* End PBXVariantGroup section */

/* Begin XCBuildConfiguration section */
		931144F82B02B6DA00F6365E /* Debug */ = {
			isa = XCBuildConfiguration;
			buildSettings = {
				BUNDLE_LOADER = "$(TEST_HOST)";
				CODE_SIGN_STYLE = Automatic;
				CURRENT_PROJECT_VERSION = 1;
				DEVELOPMENT_TEAM = 6RYG55F8TD;
				GENERATE_INFOPLIST_FILE = YES;
				MARKETING_VERSION = 1.0;
				PRODUCT_BUNDLE_IDENTIFIER = "kenanbaylan.Petcare-iOSTests";
				PRODUCT_NAME = "$(TARGET_NAME)";
				SWIFT_EMIT_LOC_STRINGS = NO;
				SWIFT_VERSION = 5.0;
				TARGETED_DEVICE_FAMILY = "1,2";
				TEST_HOST = "$(BUILT_PRODUCTS_DIR)/Petcare-iOS.app/$(BUNDLE_EXECUTABLE_FOLDER_PATH)/Petcare-iOS";
			};
			name = Debug;
		};
		931144F92B02B6DA00F6365E /* Release */ = {
			isa = XCBuildConfiguration;
			buildSettings = {
				BUNDLE_LOADER = "$(TEST_HOST)";
				CODE_SIGN_STYLE = Automatic;
				CURRENT_PROJECT_VERSION = 1;
				DEVELOPMENT_TEAM = 6RYG55F8TD;
				GENERATE_INFOPLIST_FILE = YES;
				MARKETING_VERSION = 1.0;
				PRODUCT_BUNDLE_IDENTIFIER = "kenanbaylan.Petcare-iOSTests";
				PRODUCT_NAME = "$(TARGET_NAME)";
				SWIFT_EMIT_LOC_STRINGS = NO;
				SWIFT_VERSION = 5.0;
				TARGETED_DEVICE_FAMILY = "1,2";
				TEST_HOST = "$(BUILT_PRODUCTS_DIR)/Petcare-iOS.app/$(BUNDLE_EXECUTABLE_FOLDER_PATH)/Petcare-iOS";
			};
			name = Release;
		};
		933780202ADA7DAA00103273 /* Debug */ = {
			isa = XCBuildConfiguration;
			buildSettings = {
				ALWAYS_SEARCH_USER_PATHS = NO;
				ASSETCATALOG_COMPILER_GENERATE_SWIFT_ASSET_SYMBOL_EXTENSIONS = YES;
				CLANG_ANALYZER_LOCALIZABILITY_NONLOCALIZED = YES;
				CLANG_ANALYZER_NONNULL = YES;
				CLANG_ANALYZER_NUMBER_OBJECT_CONVERSION = YES_AGGRESSIVE;
				CLANG_CXX_LANGUAGE_STANDARD = "gnu++20";
				CLANG_ENABLE_MODULES = YES;
				CLANG_ENABLE_OBJC_ARC = YES;
				CLANG_ENABLE_OBJC_WEAK = YES;
				CLANG_WARN_BLOCK_CAPTURE_AUTORELEASING = YES;
				CLANG_WARN_BOOL_CONVERSION = YES;
				CLANG_WARN_COMMA = YES;
				CLANG_WARN_CONSTANT_CONVERSION = YES;
				CLANG_WARN_DEPRECATED_OBJC_IMPLEMENTATIONS = YES;
				CLANG_WARN_DIRECT_OBJC_ISA_USAGE = YES_ERROR;
				CLANG_WARN_DOCUMENTATION_COMMENTS = YES;
				CLANG_WARN_EMPTY_BODY = YES;
				CLANG_WARN_ENUM_CONVERSION = YES;
				CLANG_WARN_INFINITE_RECURSION = YES;
				CLANG_WARN_INT_CONVERSION = YES;
				CLANG_WARN_NON_LITERAL_NULL_CONVERSION = YES;
				CLANG_WARN_OBJC_IMPLICIT_RETAIN_SELF = YES;
				CLANG_WARN_OBJC_LITERAL_CONVERSION = YES;
				CLANG_WARN_OBJC_ROOT_CLASS = YES_ERROR;
				CLANG_WARN_QUOTED_INCLUDE_IN_FRAMEWORK_HEADER = YES;
				CLANG_WARN_RANGE_LOOP_ANALYSIS = YES;
				CLANG_WARN_STRICT_PROTOTYPES = YES;
				CLANG_WARN_SUSPICIOUS_MOVE = YES;
				CLANG_WARN_UNGUARDED_AVAILABILITY = YES_AGGRESSIVE;
				CLANG_WARN_UNREACHABLE_CODE = YES;
				CLANG_WARN__DUPLICATE_METHOD_MATCH = YES;
				COPY_PHASE_STRIP = NO;
				DEBUG_INFORMATION_FORMAT = dwarf;
				ENABLE_STRICT_OBJC_MSGSEND = YES;
				ENABLE_TESTABILITY = YES;
				ENABLE_USER_SCRIPT_SANDBOXING = YES;
				GCC_C_LANGUAGE_STANDARD = gnu17;
				GCC_DYNAMIC_NO_PIC = NO;
				GCC_NO_COMMON_BLOCKS = YES;
				GCC_OPTIMIZATION_LEVEL = 0;
				GCC_PREPROCESSOR_DEFINITIONS = (
					"DEBUG=1",
					"$(inherited)",
				);
				GCC_WARN_64_TO_32_BIT_CONVERSION = YES;
				GCC_WARN_ABOUT_RETURN_TYPE = YES_ERROR;
				GCC_WARN_UNDECLARED_SELECTOR = YES;
				GCC_WARN_UNINITIALIZED_AUTOS = YES_AGGRESSIVE;
				GCC_WARN_UNUSED_FUNCTION = YES;
				GCC_WARN_UNUSED_VARIABLE = YES;
				IPHONEOS_DEPLOYMENT_TARGET = 17.0;
				LOCALIZATION_PREFERS_STRING_CATALOGS = YES;
				MTL_ENABLE_DEBUG_INFO = INCLUDE_SOURCE;
				MTL_FAST_MATH = YES;
				ONLY_ACTIVE_ARCH = YES;
				SDKROOT = iphoneos;
				SWIFT_ACTIVE_COMPILATION_CONDITIONS = "DEBUG $(inherited)";
				SWIFT_OPTIMIZATION_LEVEL = "-Onone";
			};
			name = Debug;
		};
		933780212ADA7DAA00103273 /* Release */ = {
			isa = XCBuildConfiguration;
			buildSettings = {
				ALWAYS_SEARCH_USER_PATHS = NO;
				ASSETCATALOG_COMPILER_GENERATE_SWIFT_ASSET_SYMBOL_EXTENSIONS = YES;
				CLANG_ANALYZER_LOCALIZABILITY_NONLOCALIZED = YES;
				CLANG_ANALYZER_NONNULL = YES;
				CLANG_ANALYZER_NUMBER_OBJECT_CONVERSION = YES_AGGRESSIVE;
				CLANG_CXX_LANGUAGE_STANDARD = "gnu++20";
				CLANG_ENABLE_MODULES = YES;
				CLANG_ENABLE_OBJC_ARC = YES;
				CLANG_ENABLE_OBJC_WEAK = YES;
				CLANG_WARN_BLOCK_CAPTURE_AUTORELEASING = YES;
				CLANG_WARN_BOOL_CONVERSION = YES;
				CLANG_WARN_COMMA = YES;
				CLANG_WARN_CONSTANT_CONVERSION = YES;
				CLANG_WARN_DEPRECATED_OBJC_IMPLEMENTATIONS = YES;
				CLANG_WARN_DIRECT_OBJC_ISA_USAGE = YES_ERROR;
				CLANG_WARN_DOCUMENTATION_COMMENTS = YES;
				CLANG_WARN_EMPTY_BODY = YES;
				CLANG_WARN_ENUM_CONVERSION = YES;
				CLANG_WARN_INFINITE_RECURSION = YES;
				CLANG_WARN_INT_CONVERSION = YES;
				CLANG_WARN_NON_LITERAL_NULL_CONVERSION = YES;
				CLANG_WARN_OBJC_IMPLICIT_RETAIN_SELF = YES;
				CLANG_WARN_OBJC_LITERAL_CONVERSION = YES;
				CLANG_WARN_OBJC_ROOT_CLASS = YES_ERROR;
				CLANG_WARN_QUOTED_INCLUDE_IN_FRAMEWORK_HEADER = YES;
				CLANG_WARN_RANGE_LOOP_ANALYSIS = YES;
				CLANG_WARN_STRICT_PROTOTYPES = YES;
				CLANG_WARN_SUSPICIOUS_MOVE = YES;
				CLANG_WARN_UNGUARDED_AVAILABILITY = YES_AGGRESSIVE;
				CLANG_WARN_UNREACHABLE_CODE = YES;
				CLANG_WARN__DUPLICATE_METHOD_MATCH = YES;
				COPY_PHASE_STRIP = NO;
				DEBUG_INFORMATION_FORMAT = "dwarf-with-dsym";
				ENABLE_NS_ASSERTIONS = NO;
				ENABLE_STRICT_OBJC_MSGSEND = YES;
				ENABLE_USER_SCRIPT_SANDBOXING = YES;
				GCC_C_LANGUAGE_STANDARD = gnu17;
				GCC_NO_COMMON_BLOCKS = YES;
				GCC_WARN_64_TO_32_BIT_CONVERSION = YES;
				GCC_WARN_ABOUT_RETURN_TYPE = YES_ERROR;
				GCC_WARN_UNDECLARED_SELECTOR = YES;
				GCC_WARN_UNINITIALIZED_AUTOS = YES_AGGRESSIVE;
				GCC_WARN_UNUSED_FUNCTION = YES;
				GCC_WARN_UNUSED_VARIABLE = YES;
				IPHONEOS_DEPLOYMENT_TARGET = 17.0;
				LOCALIZATION_PREFERS_STRING_CATALOGS = YES;
				MTL_ENABLE_DEBUG_INFO = NO;
				MTL_FAST_MATH = YES;
				SDKROOT = iphoneos;
				SWIFT_COMPILATION_MODE = wholemodule;
				VALIDATE_PRODUCT = YES;
			};
			name = Release;
		};
		933780232ADA7DAA00103273 /* Debug */ = {
			isa = XCBuildConfiguration;
			buildSettings = {
				ASSETCATALOG_COMPILER_APPICON_NAME = AppIcon;
				ASSETCATALOG_COMPILER_GLOBAL_ACCENT_COLOR_NAME = AccentColor;
				CODE_SIGN_STYLE = Automatic;
				CURRENT_PROJECT_VERSION = 1;
				DEVELOPMENT_TEAM = 6RYG55F8TD;
				GENERATE_INFOPLIST_FILE = YES;
				INFOPLIST_FILE = "Petcare-iOS/Resources/Info.plist";
				INFOPLIST_KEY_LSApplicationCategoryType = "public.app-category.medical";
				INFOPLIST_KEY_UIApplicationSupportsIndirectInputEvents = YES;
				INFOPLIST_KEY_UILaunchStoryboardName = LaunchScreen;
				INFOPLIST_KEY_UIMainStoryboardFile = Main;
				INFOPLIST_KEY_UIStatusBarHidden = NO;
				INFOPLIST_KEY_UIStatusBarStyle = "";
				INFOPLIST_KEY_UISupportedInterfaceOrientations = UIInterfaceOrientationPortrait;
				IPHONEOS_DEPLOYMENT_TARGET = 15.0;
				LD_RUNPATH_SEARCH_PATHS = (
					"$(inherited)",
					"@executable_path/Frameworks",
				);
				MARKETING_VERSION = 1.0;
				PRODUCT_BUNDLE_IDENTIFIER = "kenanbaylan.Petcare-iOS";
				PRODUCT_NAME = Petcare;
				SWIFT_EMIT_LOC_STRINGS = YES;
				SWIFT_VERSION = 5.0;
				TARGETED_DEVICE_FAMILY = "1,2";
			};
			name = Debug;
		};
		933780242ADA7DAA00103273 /* Release */ = {
			isa = XCBuildConfiguration;
			buildSettings = {
				ASSETCATALOG_COMPILER_APPICON_NAME = AppIcon;
				ASSETCATALOG_COMPILER_GLOBAL_ACCENT_COLOR_NAME = AccentColor;
				CODE_SIGN_STYLE = Automatic;
				CURRENT_PROJECT_VERSION = 1;
				DEVELOPMENT_TEAM = 6RYG55F8TD;
				GENERATE_INFOPLIST_FILE = YES;
				INFOPLIST_FILE = "Petcare-iOS/Resources/Info.plist";
				INFOPLIST_KEY_LSApplicationCategoryType = "public.app-category.medical";
				INFOPLIST_KEY_UIApplicationSupportsIndirectInputEvents = YES;
				INFOPLIST_KEY_UILaunchStoryboardName = LaunchScreen;
				INFOPLIST_KEY_UIMainStoryboardFile = Main;
				INFOPLIST_KEY_UIStatusBarHidden = NO;
				INFOPLIST_KEY_UIStatusBarStyle = "";
				INFOPLIST_KEY_UISupportedInterfaceOrientations = UIInterfaceOrientationPortrait;
				IPHONEOS_DEPLOYMENT_TARGET = 15.0;
				LD_RUNPATH_SEARCH_PATHS = (
					"$(inherited)",
					"@executable_path/Frameworks",
				);
				MARKETING_VERSION = 1.0;
				PRODUCT_BUNDLE_IDENTIFIER = "kenanbaylan.Petcare-iOS";
				PRODUCT_NAME = Petcare;
				SWIFT_EMIT_LOC_STRINGS = YES;
				SWIFT_VERSION = 5.0;
				TARGETED_DEVICE_FAMILY = "1,2";
			};
			name = Release;
		};
/* End XCBuildConfiguration section */

/* Begin XCConfigurationList section */
		931144F72B02B6DA00F6365E /* Build configuration list for PBXNativeTarget "Petcare-iOSTests" */ = {
			isa = XCConfigurationList;
			buildConfigurations = (
				931144F82B02B6DA00F6365E /* Debug */,
				931144F92B02B6DA00F6365E /* Release */,
			);
			defaultConfigurationIsVisible = 0;
			defaultConfigurationName = Release;
		};
		933780092ADA7DA800103273 /* Build configuration list for PBXProject "Petcare-iOS" */ = {
			isa = XCConfigurationList;
			buildConfigurations = (
				933780202ADA7DAA00103273 /* Debug */,
				933780212ADA7DAA00103273 /* Release */,
			);
			defaultConfigurationIsVisible = 0;
			defaultConfigurationName = Release;
		};
		933780222ADA7DAA00103273 /* Build configuration list for PBXNativeTarget "Petcare-iOS" */ = {
			isa = XCConfigurationList;
			buildConfigurations = (
				933780232ADA7DAA00103273 /* Debug */,
				933780242ADA7DAA00103273 /* Release */,
			);
			defaultConfigurationIsVisible = 0;
			defaultConfigurationName = Release;
		};
/* End XCConfigurationList section */

/* Begin XCRemoteSwiftPackageReference section */
		93262B432AEBD1360047A79F /* XCRemoteSwiftPackageReference "CombineCocoa" */ = {
			isa = XCRemoteSwiftPackageReference;
			repositoryURL = "https://github.com/CombineCommunity/CombineCocoa.git";
			requirement = {
				kind = upToNextMajorVersion;
				minimumVersion = 0.4.1;
			};
		};
/* End XCRemoteSwiftPackageReference section */

/* Begin XCSwiftPackageProductDependency section */
		93732DF52B166D9E00DE636E /* Network */ = {
			isa = XCSwiftPackageProductDependency;
			productName = Network;
		};
/* End XCSwiftPackageProductDependency section */
	};
	rootObject = 933780062ADA7DA800103273 /* Project object */;
}
