// !$*UTF8*$!
{
	archiveVersion = 1;
	classes = {
	};
	objectVersion = 56;
	objects = {

/* Begin PBXBuildFile section */
		933780122ADA7DA800103273 /* AppDelegate.swift in Sources */ = {isa = PBXBuildFile; fileRef = 933780112ADA7DA800103273 /* AppDelegate.swift */; };
		933780142ADA7DA800103273 /* SceneDelegate.swift in Sources */ = {isa = PBXBuildFile; fileRef = 933780132ADA7DA800103273 /* SceneDelegate.swift */; };
		933780162ADA7DA800103273 /* ViewController.swift in Sources */ = {isa = PBXBuildFile; fileRef = 933780152ADA7DA800103273 /* ViewController.swift */; };
		933780192ADA7DA800103273 /* Main.storyboard in Resources */ = {isa = PBXBuildFile; fileRef = 933780172ADA7DA800103273 /* Main.storyboard */; };
		9337801B2ADA7DAA00103273 /* Assets.xcassets in Resources */ = {isa = PBXBuildFile; fileRef = 9337801A2ADA7DAA00103273 /* Assets.xcassets */; };
		9337801E2ADA7DAA00103273 /* LaunchScreen.storyboard in Resources */ = {isa = PBXBuildFile; fileRef = 9337801C2ADA7DAA00103273 /* LaunchScreen.storyboard */; };
		9337803E2ADA80FF00103273 /* Constants.swift in Sources */ = {isa = PBXBuildFile; fileRef = 9337803D2ADA80FF00103273 /* Constants.swift */; };
		933780412ADA814400103273 /* OnboardingModel.swift in Sources */ = {isa = PBXBuildFile; fileRef = 933780402ADA814400103273 /* OnboardingModel.swift */; };
		933780432ADA815400103273 /* Onboarding.storyboard in Resources */ = {isa = PBXBuildFile; fileRef = 933780422ADA815400103273 /* Onboarding.storyboard */; };
		933780472ADA816F00103273 /* OnboardingViewController.swift in Sources */ = {isa = PBXBuildFile; fileRef = 933780462ADA816F00103273 /* OnboardingViewController.swift */; };
		933780492ADA81A100103273 /* OnboardingPresenter.swift in Sources */ = {isa = PBXBuildFile; fileRef = 933780482ADA81A100103273 /* OnboardingPresenter.swift */; };
		9337804B2ADA81A700103273 /* OnboardingRouter.swift in Sources */ = {isa = PBXBuildFile; fileRef = 9337804A2ADA81A700103273 /* OnboardingRouter.swift */; };
		9337804D2ADA81AF00103273 /* OnboardingInteractor.swift in Sources */ = {isa = PBXBuildFile; fileRef = 9337804C2ADA81AF00103273 /* OnboardingInteractor.swift */; };
		933780512ADA823300103273 /* Login.storyboard in Resources */ = {isa = PBXBuildFile; fileRef = 933780502ADA823300103273 /* Login.storyboard */; };
		933780532ADA823D00103273 /* LoginViewController.swift in Sources */ = {isa = PBXBuildFile; fileRef = 933780522ADA823D00103273 /* LoginViewController.swift */; };
		933780552ADA824500103273 /* LoginPresenter.swift in Sources */ = {isa = PBXBuildFile; fileRef = 933780542ADA824500103273 /* LoginPresenter.swift */; };
		933780572ADA824D00103273 /* LoginInteractor.swift in Sources */ = {isa = PBXBuildFile; fileRef = 933780562ADA824D00103273 /* LoginInteractor.swift */; };
		933780592ADA825200103273 /* LoginRouter.swift in Sources */ = {isa = PBXBuildFile; fileRef = 933780582ADA825200103273 /* LoginRouter.swift */; };
		9337805B2ADA826B00103273 /* User.swift in Sources */ = {isa = PBXBuildFile; fileRef = 9337805A2ADA826B00103273 /* User.swift */; };
		933780602ADC0DC000103273 /* SplashViewController.swift in Sources */ = {isa = PBXBuildFile; fileRef = 9337805E2ADC0DC000103273 /* SplashViewController.swift */; };
		933780612ADC0DC000103273 /* SplashViewController.xib in Resources */ = {isa = PBXBuildFile; fileRef = 9337805F2ADC0DC000103273 /* SplashViewController.xib */; };
		933780652ADC0DF000103273 /* SplashRouter.swift in Sources */ = {isa = PBXBuildFile; fileRef = 933780642ADC0DF000103273 /* SplashRouter.swift */; };
		933780672ADC0DF900103273 /* SplashPresenter.swift in Sources */ = {isa = PBXBuildFile; fileRef = 933780662ADC0DF900103273 /* SplashPresenter.swift */; };
		933780692ADC0DFF00103273 /* SplashInteractor.swift in Sources */ = {isa = PBXBuildFile; fileRef = 933780682ADC0DFF00103273 /* SplashInteractor.swift */; };
/* End PBXBuildFile section */

/* Begin PBXFileReference section */
		9337800E2ADA7DA800103273 /* Petcare-iOS.app */ = {isa = PBXFileReference; explicitFileType = wrapper.application; includeInIndex = 0; path = "Petcare-iOS.app"; sourceTree = BUILT_PRODUCTS_DIR; };
		933780112ADA7DA800103273 /* AppDelegate.swift */ = {isa = PBXFileReference; lastKnownFileType = sourcecode.swift; path = AppDelegate.swift; sourceTree = "<group>"; };
		933780132ADA7DA800103273 /* SceneDelegate.swift */ = {isa = PBXFileReference; lastKnownFileType = sourcecode.swift; path = SceneDelegate.swift; sourceTree = "<group>"; };
		933780152ADA7DA800103273 /* ViewController.swift */ = {isa = PBXFileReference; lastKnownFileType = sourcecode.swift; path = ViewController.swift; sourceTree = "<group>"; };
		933780182ADA7DA800103273 /* Base */ = {isa = PBXFileReference; lastKnownFileType = file.storyboard; name = Base; path = Base.lproj/Main.storyboard; sourceTree = "<group>"; };
		9337801A2ADA7DAA00103273 /* Assets.xcassets */ = {isa = PBXFileReference; lastKnownFileType = folder.assetcatalog; path = Assets.xcassets; sourceTree = "<group>"; };
		9337801D2ADA7DAA00103273 /* Base */ = {isa = PBXFileReference; lastKnownFileType = file.storyboard; name = Base; path = Base.lproj/LaunchScreen.storyboard; sourceTree = "<group>"; };
		9337801F2ADA7DAA00103273 /* Info.plist */ = {isa = PBXFileReference; lastKnownFileType = text.plist.xml; path = Info.plist; sourceTree = "<group>"; };
		9337803D2ADA80FF00103273 /* Constants.swift */ = {isa = PBXFileReference; lastKnownFileType = sourcecode.swift; path = Constants.swift; sourceTree = "<group>"; };
		933780402ADA814400103273 /* OnboardingModel.swift */ = {isa = PBXFileReference; lastKnownFileType = sourcecode.swift; path = OnboardingModel.swift; sourceTree = "<group>"; };
		933780422ADA815400103273 /* Onboarding.storyboard */ = {isa = PBXFileReference; lastKnownFileType = file.storyboard; path = Onboarding.storyboard; sourceTree = "<group>"; };
		933780462ADA816F00103273 /* OnboardingViewController.swift */ = {isa = PBXFileReference; lastKnownFileType = sourcecode.swift; path = OnboardingViewController.swift; sourceTree = "<group>"; };
		933780482ADA81A100103273 /* OnboardingPresenter.swift */ = {isa = PBXFileReference; lastKnownFileType = sourcecode.swift; path = OnboardingPresenter.swift; sourceTree = "<group>"; };
		9337804A2ADA81A700103273 /* OnboardingRouter.swift */ = {isa = PBXFileReference; lastKnownFileType = sourcecode.swift; path = OnboardingRouter.swift; sourceTree = "<group>"; };
		9337804C2ADA81AF00103273 /* OnboardingInteractor.swift */ = {isa = PBXFileReference; lastKnownFileType = sourcecode.swift; path = OnboardingInteractor.swift; sourceTree = "<group>"; };
		933780502ADA823300103273 /* Login.storyboard */ = {isa = PBXFileReference; lastKnownFileType = file.storyboard; path = Login.storyboard; sourceTree = "<group>"; };
		933780522ADA823D00103273 /* LoginViewController.swift */ = {isa = PBXFileReference; lastKnownFileType = sourcecode.swift; path = LoginViewController.swift; sourceTree = "<group>"; };
		933780542ADA824500103273 /* LoginPresenter.swift */ = {isa = PBXFileReference; lastKnownFileType = sourcecode.swift; path = LoginPresenter.swift; sourceTree = "<group>"; };
		933780562ADA824D00103273 /* LoginInteractor.swift */ = {isa = PBXFileReference; lastKnownFileType = sourcecode.swift; path = LoginInteractor.swift; sourceTree = "<group>"; };
		933780582ADA825200103273 /* LoginRouter.swift */ = {isa = PBXFileReference; lastKnownFileType = sourcecode.swift; path = LoginRouter.swift; sourceTree = "<group>"; };
		9337805A2ADA826B00103273 /* User.swift */ = {isa = PBXFileReference; lastKnownFileType = sourcecode.swift; path = User.swift; sourceTree = "<group>"; };
		9337805E2ADC0DC000103273 /* SplashViewController.swift */ = {isa = PBXFileReference; lastKnownFileType = sourcecode.swift; path = SplashViewController.swift; sourceTree = "<group>"; };
		9337805F2ADC0DC000103273 /* SplashViewController.xib */ = {isa = PBXFileReference; lastKnownFileType = file.xib; path = SplashViewController.xib; sourceTree = "<group>"; };
		933780642ADC0DF000103273 /* SplashRouter.swift */ = {isa = PBXFileReference; lastKnownFileType = sourcecode.swift; path = SplashRouter.swift; sourceTree = "<group>"; };
		933780662ADC0DF900103273 /* SplashPresenter.swift */ = {isa = PBXFileReference; lastKnownFileType = sourcecode.swift; path = SplashPresenter.swift; sourceTree = "<group>"; };
		933780682ADC0DFF00103273 /* SplashInteractor.swift */ = {isa = PBXFileReference; lastKnownFileType = sourcecode.swift; path = SplashInteractor.swift; sourceTree = "<group>"; };
/* End PBXFileReference section */

/* Begin PBXFrameworksBuildPhase section */
		9337800B2ADA7DA800103273 /* Frameworks */ = {
			isa = PBXFrameworksBuildPhase;
			buildActionMask = 2147483647;
			files = (
			);
			runOnlyForDeploymentPostprocessing = 0;
		};
/* End PBXFrameworksBuildPhase section */

/* Begin PBXGroup section */
		933780052ADA7DA800103273 = {
			isa = PBXGroup;
			children = (
				933780102ADA7DA800103273 /* Petcare-iOS */,
				9337800F2ADA7DA800103273 /* Products */,
			);
			sourceTree = "<group>";
		};
		9337800F2ADA7DA800103273 /* Products */ = {
			isa = PBXGroup;
			children = (
				9337800E2ADA7DA800103273 /* Petcare-iOS.app */,
			);
			name = Products;
			sourceTree = "<group>";
		};
		933780102ADA7DA800103273 /* Petcare-iOS */ = {
			isa = PBXGroup;
			children = (
				933780252ADA7E0400103273 /* App */,
				933780292ADA7E2700103273 /* Helper */,
				933780272ADA7E1E00103273 /* Network */,
				933780382ADA7F1300103273 /* Components */,
				933780282ADA7E2200103273 /* Core */,
				9337802C2ADA7E4100103273 /* Modules */,
				933780262ADA7E1300103273 /* Resources */,
			);
			path = "Petcare-iOS";
			sourceTree = "<group>";
		};
		933780252ADA7E0400103273 /* App */ = {
			isa = PBXGroup;
			children = (
				933780132ADA7DA800103273 /* SceneDelegate.swift */,
				933780112ADA7DA800103273 /* AppDelegate.swift */,
			);
			path = App;
			sourceTree = "<group>";
		};
		933780262ADA7E1300103273 /* Resources */ = {
			isa = PBXGroup;
			children = (
				9337801C2ADA7DAA00103273 /* LaunchScreen.storyboard */,
				933780152ADA7DA800103273 /* ViewController.swift */,
				9337801F2ADA7DAA00103273 /* Info.plist */,
				9337801A2ADA7DAA00103273 /* Assets.xcassets */,
				933780172ADA7DA800103273 /* Main.storyboard */,
			);
			path = Resources;
			sourceTree = "<group>";
		};
		933780272ADA7E1E00103273 /* Network */ = {
			isa = PBXGroup;
			children = (
			);
			path = Network;
			sourceTree = "<group>";
		};
		933780282ADA7E2200103273 /* Core */ = {
			isa = PBXGroup;
			children = (
				933780352ADA7E9100103273 /* Tabbar */,
			);
			path = Core;
			sourceTree = "<group>";
		};
		933780292ADA7E2700103273 /* Helper */ = {
			isa = PBXGroup;
			children = (
				9337802B2ADA7E3600103273 /* Constants */,
				9337802A2ADA7E2C00103273 /* Extensions */,
			);
			path = Helper;
			sourceTree = "<group>";
		};
		9337802A2ADA7E2C00103273 /* Extensions */ = {
			isa = PBXGroup;
			children = (
			);
			path = Extensions;
			sourceTree = "<group>";
		};
		9337802B2ADA7E3600103273 /* Constants */ = {
			isa = PBXGroup;
			children = (
				9337803D2ADA80FF00103273 /* Constants.swift */,
			);
			path = Constants;
			sourceTree = "<group>";
		};
		9337802C2ADA7E4100103273 /* Modules */ = {
			isa = PBXGroup;
			children = (
				9337802D2ADA7E4C00103273 /* Splash */,
				9337802E2ADA7E5400103273 /* Onboarding */,
				9337802F2ADA7E5A00103273 /* Authentication */,
				933780302ADA7E6600103273 /* Main */,
			);
			path = Modules;
			sourceTree = "<group>";
		};
		9337802D2ADA7E4C00103273 /* Splash */ = {
			isa = PBXGroup;
			children = (
				933780632ADC0DE200103273 /* View */,
				933780682ADC0DFF00103273 /* SplashInteractor.swift */,
				933780662ADC0DF900103273 /* SplashPresenter.swift */,
				933780642ADC0DF000103273 /* SplashRouter.swift */,
			);
			path = Splash;
			sourceTree = "<group>";
		};
		9337802E2ADA7E5400103273 /* Onboarding */ = {
			isa = PBXGroup;
			children = (
				9337803F2ADA813500103273 /* Entity */,
				933780452ADA815E00103273 /* View */,
				9337804A2ADA81A700103273 /* OnboardingRouter.swift */,
				933780482ADA81A100103273 /* OnboardingPresenter.swift */,
				9337804C2ADA81AF00103273 /* OnboardingInteractor.swift */,
			);
			path = Onboarding;
			sourceTree = "<group>";
		};
		9337802F2ADA7E5A00103273 /* Authentication */ = {
			isa = PBXGroup;
			children = (
				9337803C2ADA7F4000103273 /* ForgotPassword */,
				9337803B2ADA7F3800103273 /* SmsOtp */,
				9337803A2ADA7F2F00103273 /* Register */,
				933780392ADA7F2900103273 /* Login */,
			);
			path = Authentication;
			sourceTree = "<group>";
		};
		933780302ADA7E6600103273 /* Main */ = {
			isa = PBXGroup;
			children = (
				933780332ADA7E7B00103273 /* Home */,
				933780372ADA7EA900103273 /* Calendar */,
				933780362ADA7E9600103273 /* Settings */,
				933780322ADA7E7200103273 /* VetMaps */,
			);
			path = Main;
			sourceTree = "<group>";
		};
		933780322ADA7E7200103273 /* VetMaps */ = {
			isa = PBXGroup;
			children = (
			);
			path = VetMaps;
			sourceTree = "<group>";
		};
		933780332ADA7E7B00103273 /* Home */ = {
			isa = PBXGroup;
			children = (
			);
			path = Home;
			sourceTree = "<group>";
		};
		933780352ADA7E9100103273 /* Tabbar */ = {
			isa = PBXGroup;
			children = (
			);
			path = Tabbar;
			sourceTree = "<group>";
		};
		933780362ADA7E9600103273 /* Settings */ = {
			isa = PBXGroup;
			children = (
			);
			path = Settings;
			sourceTree = "<group>";
		};
		933780372ADA7EA900103273 /* Calendar */ = {
			isa = PBXGroup;
			children = (
			);
			path = Calendar;
			sourceTree = "<group>";
		};
		933780382ADA7F1300103273 /* Components */ = {
			isa = PBXGroup;
			children = (
			);
			path = Components;
			sourceTree = "<group>";
		};
		933780392ADA7F2900103273 /* Login */ = {
			isa = PBXGroup;
			children = (
				9337804F2ADA821C00103273 /* View */,
				9337804E2ADA821700103273 /* Entity */,
				933780582ADA825200103273 /* LoginRouter.swift */,
				933780542ADA824500103273 /* LoginPresenter.swift */,
				933780562ADA824D00103273 /* LoginInteractor.swift */,
			);
			path = Login;
			sourceTree = "<group>";
		};
		9337803A2ADA7F2F00103273 /* Register */ = {
			isa = PBXGroup;
			children = (
			);
			name = Register;
			path = "Regşster";
			sourceTree = "<group>";
		};
		9337803B2ADA7F3800103273 /* SmsOtp */ = {
			isa = PBXGroup;
			children = (
			);
			path = SmsOtp;
			sourceTree = "<group>";
		};
		9337803C2ADA7F4000103273 /* ForgotPassword */ = {
			isa = PBXGroup;
			children = (
			);
			path = ForgotPassword;
			sourceTree = "<group>";
		};
		9337803F2ADA813500103273 /* Entity */ = {
			isa = PBXGroup;
			children = (
				933780402ADA814400103273 /* OnboardingModel.swift */,
			);
			path = Entity;
			sourceTree = "<group>";
		};
		933780452ADA815E00103273 /* View */ = {
			isa = PBXGroup;
			children = (
				933780422ADA815400103273 /* Onboarding.storyboard */,
				933780462ADA816F00103273 /* OnboardingViewController.swift */,
			);
			path = View;
			sourceTree = "<group>";
		};
		9337804E2ADA821700103273 /* Entity */ = {
			isa = PBXGroup;
			children = (
				9337805A2ADA826B00103273 /* User.swift */,
			);
			path = Entity;
			sourceTree = "<group>";
		};
		9337804F2ADA821C00103273 /* View */ = {
			isa = PBXGroup;
			children = (
				933780502ADA823300103273 /* Login.storyboard */,
				933780522ADA823D00103273 /* LoginViewController.swift */,
			);
			path = View;
			sourceTree = "<group>";
		};
		933780632ADC0DE200103273 /* View */ = {
			isa = PBXGroup;
			children = (
				9337805E2ADC0DC000103273 /* SplashViewController.swift */,
				9337805F2ADC0DC000103273 /* SplashViewController.xib */,
			);
			path = View;
			sourceTree = "<group>";
		};
/* End PBXGroup section */

/* Begin PBXNativeTarget section */
		9337800D2ADA7DA800103273 /* Petcare-iOS */ = {
			isa = PBXNativeTarget;
			buildConfigurationList = 933780222ADA7DAA00103273 /* Build configuration list for PBXNativeTarget "Petcare-iOS" */;
			buildPhases = (
				9337800A2ADA7DA800103273 /* Sources */,
				9337800B2ADA7DA800103273 /* Frameworks */,
				9337800C2ADA7DA800103273 /* Resources */,
			);
			buildRules = (
			);
			dependencies = (
			);
			name = "Petcare-iOS";
			productName = "Petcare-iOS";
			productReference = 9337800E2ADA7DA800103273 /* Petcare-iOS.app */;
			productType = "com.apple.product-type.application";
		};
/* End PBXNativeTarget section */

/* Begin PBXProject section */
		933780062ADA7DA800103273 /* Project object */ = {
			isa = PBXProject;
			attributes = {
				BuildIndependentTargetsInParallel = 1;
				LastSwiftUpdateCheck = 1500;
				LastUpgradeCheck = 1500;
				TargetAttributes = {
					9337800D2ADA7DA800103273 = {
						CreatedOnToolsVersion = 15.0;
					};
				};
			};
			buildConfigurationList = 933780092ADA7DA800103273 /* Build configuration list for PBXProject "Petcare-iOS" */;
			compatibilityVersion = "Xcode 14.0";
			developmentRegion = en;
			hasScannedForEncodings = 0;
			knownRegions = (
				en,
				Base,
			);
			mainGroup = 933780052ADA7DA800103273;
			productRefGroup = 9337800F2ADA7DA800103273 /* Products */;
			projectDirPath = "";
			projectRoot = "";
			targets = (
				9337800D2ADA7DA800103273 /* Petcare-iOS */,
			);
		};
/* End PBXProject section */

/* Begin PBXResourcesBuildPhase section */
		9337800C2ADA7DA800103273 /* Resources */ = {
			isa = PBXResourcesBuildPhase;
			buildActionMask = 2147483647;
			files = (
				9337801E2ADA7DAA00103273 /* LaunchScreen.storyboard in Resources */,
				9337801B2ADA7DAA00103273 /* Assets.xcassets in Resources */,
				933780612ADC0DC000103273 /* SplashViewController.xib in Resources */,
				933780192ADA7DA800103273 /* Main.storyboard in Resources */,
				933780512ADA823300103273 /* Login.storyboard in Resources */,
				933780432ADA815400103273 /* Onboarding.storyboard in Resources */,
			);
			runOnlyForDeploymentPostprocessing = 0;
		};
/* End PBXResourcesBuildPhase section */

/* Begin PBXSourcesBuildPhase section */
		9337800A2ADA7DA800103273 /* Sources */ = {
			isa = PBXSourcesBuildPhase;
			buildActionMask = 2147483647;
			files = (
				933780162ADA7DA800103273 /* ViewController.swift in Sources */,
				933780472ADA816F00103273 /* OnboardingViewController.swift in Sources */,
				933780412ADA814400103273 /* OnboardingModel.swift in Sources */,
				933780122ADA7DA800103273 /* AppDelegate.swift in Sources */,
				933780552ADA824500103273 /* LoginPresenter.swift in Sources */,
				933780492ADA81A100103273 /* OnboardingPresenter.swift in Sources */,
				9337805B2ADA826B00103273 /* User.swift in Sources */,
				9337804D2ADA81AF00103273 /* OnboardingInteractor.swift in Sources */,
				9337804B2ADA81A700103273 /* OnboardingRouter.swift in Sources */,
				933780652ADC0DF000103273 /* SplashRouter.swift in Sources */,
				933780602ADC0DC000103273 /* SplashViewController.swift in Sources */,
				933780672ADC0DF900103273 /* SplashPresenter.swift in Sources */,
				933780572ADA824D00103273 /* LoginInteractor.swift in Sources */,
				933780692ADC0DFF00103273 /* SplashInteractor.swift in Sources */,
				933780142ADA7DA800103273 /* SceneDelegate.swift in Sources */,
				933780532ADA823D00103273 /* LoginViewController.swift in Sources */,
				933780592ADA825200103273 /* LoginRouter.swift in Sources */,
				9337803E2ADA80FF00103273 /* Constants.swift in Sources */,
			);
			runOnlyForDeploymentPostprocessing = 0;
		};
/* End PBXSourcesBuildPhase section */

/* Begin PBXVariantGroup section */
		933780172ADA7DA800103273 /* Main.storyboard */ = {
			isa = PBXVariantGroup;
			children = (
				933780182ADA7DA800103273 /* Base */,
			);
			name = Main.storyboard;
			sourceTree = "<group>";
		};
		9337801C2ADA7DAA00103273 /* LaunchScreen.storyboard */ = {
			isa = PBXVariantGroup;
			children = (
				9337801D2ADA7DAA00103273 /* Base */,
			);
			name = LaunchScreen.storyboard;
			sourceTree = "<group>";
		};
/* End PBXVariantGroup section */

/* Begin XCBuildConfiguration section */
		933780202ADA7DAA00103273 /* Debug */ = {
			isa = XCBuildConfiguration;
			buildSettings = {
				ALWAYS_SEARCH_USER_PATHS = NO;
				ASSETCATALOG_COMPILER_GENERATE_SWIFT_ASSET_SYMBOL_EXTENSIONS = YES;
				CLANG_ANALYZER_NONNULL = YES;
				CLANG_ANALYZER_NUMBER_OBJECT_CONVERSION = YES_AGGRESSIVE;
				CLANG_CXX_LANGUAGE_STANDARD = "gnu++20";
				CLANG_ENABLE_MODULES = YES;
				CLANG_ENABLE_OBJC_ARC = YES;
				CLANG_ENABLE_OBJC_WEAK = YES;
				CLANG_WARN_BLOCK_CAPTURE_AUTORELEASING = YES;
				CLANG_WARN_BOOL_CONVERSION = YES;
				CLANG_WARN_COMMA = YES;
				CLANG_WARN_CONSTANT_CONVERSION = YES;
				CLANG_WARN_DEPRECATED_OBJC_IMPLEMENTATIONS = YES;
				CLANG_WARN_DIRECT_OBJC_ISA_USAGE = YES_ERROR;
				CLANG_WARN_DOCUMENTATION_COMMENTS = YES;
				CLANG_WARN_EMPTY_BODY = YES;
				CLANG_WARN_ENUM_CONVERSION = YES;
				CLANG_WARN_INFINITE_RECURSION = YES;
				CLANG_WARN_INT_CONVERSION = YES;
				CLANG_WARN_NON_LITERAL_NULL_CONVERSION = YES;
				CLANG_WARN_OBJC_IMPLICIT_RETAIN_SELF = YES;
				CLANG_WARN_OBJC_LITERAL_CONVERSION = YES;
				CLANG_WARN_OBJC_ROOT_CLASS = YES_ERROR;
				CLANG_WARN_QUOTED_INCLUDE_IN_FRAMEWORK_HEADER = YES;
				CLANG_WARN_RANGE_LOOP_ANALYSIS = YES;
				CLANG_WARN_STRICT_PROTOTYPES = YES;
				CLANG_WARN_SUSPICIOUS_MOVE = YES;
				CLANG_WARN_UNGUARDED_AVAILABILITY = YES_AGGRESSIVE;
				CLANG_WARN_UNREACHABLE_CODE = YES;
				CLANG_WARN__DUPLICATE_METHOD_MATCH = YES;
				COPY_PHASE_STRIP = NO;
				DEBUG_INFORMATION_FORMAT = dwarf;
				ENABLE_STRICT_OBJC_MSGSEND = YES;
				ENABLE_TESTABILITY = YES;
				ENABLE_USER_SCRIPT_SANDBOXING = YES;
				GCC_C_LANGUAGE_STANDARD = gnu17;
				GCC_DYNAMIC_NO_PIC = NO;
				GCC_NO_COMMON_BLOCKS = YES;
				GCC_OPTIMIZATION_LEVEL = 0;
				GCC_PREPROCESSOR_DEFINITIONS = (
					"DEBUG=1",
					"$(inherited)",
				);
				GCC_WARN_64_TO_32_BIT_CONVERSION = YES;
				GCC_WARN_ABOUT_RETURN_TYPE = YES_ERROR;
				GCC_WARN_UNDECLARED_SELECTOR = YES;
				GCC_WARN_UNINITIALIZED_AUTOS = YES_AGGRESSIVE;
				GCC_WARN_UNUSED_FUNCTION = YES;
				GCC_WARN_UNUSED_VARIABLE = YES;
				IPHONEOS_DEPLOYMENT_TARGET = 17.0;
				LOCALIZATION_PREFERS_STRING_CATALOGS = YES;
				MTL_ENABLE_DEBUG_INFO = INCLUDE_SOURCE;
				MTL_FAST_MATH = YES;
				ONLY_ACTIVE_ARCH = YES;
				SDKROOT = iphoneos;
				SWIFT_ACTIVE_COMPILATION_CONDITIONS = "DEBUG $(inherited)";
				SWIFT_OPTIMIZATION_LEVEL = "-Onone";
			};
			name = Debug;
		};
		933780212ADA7DAA00103273 /* Release */ = {
			isa = XCBuildConfiguration;
			buildSettings = {
				ALWAYS_SEARCH_USER_PATHS = NO;
				ASSETCATALOG_COMPILER_GENERATE_SWIFT_ASSET_SYMBOL_EXTENSIONS = YES;
				CLANG_ANALYZER_NONNULL = YES;
				CLANG_ANALYZER_NUMBER_OBJECT_CONVERSION = YES_AGGRESSIVE;
				CLANG_CXX_LANGUAGE_STANDARD = "gnu++20";
				CLANG_ENABLE_MODULES = YES;
				CLANG_ENABLE_OBJC_ARC = YES;
				CLANG_ENABLE_OBJC_WEAK = YES;
				CLANG_WARN_BLOCK_CAPTURE_AUTORELEASING = YES;
				CLANG_WARN_BOOL_CONVERSION = YES;
				CLANG_WARN_COMMA = YES;
				CLANG_WARN_CONSTANT_CONVERSION = YES;
				CLANG_WARN_DEPRECATED_OBJC_IMPLEMENTATIONS = YES;
				CLANG_WARN_DIRECT_OBJC_ISA_USAGE = YES_ERROR;
				CLANG_WARN_DOCUMENTATION_COMMENTS = YES;
				CLANG_WARN_EMPTY_BODY = YES;
				CLANG_WARN_ENUM_CONVERSION = YES;
				CLANG_WARN_INFINITE_RECURSION = YES;
				CLANG_WARN_INT_CONVERSION = YES;
				CLANG_WARN_NON_LITERAL_NULL_CONVERSION = YES;
				CLANG_WARN_OBJC_IMPLICIT_RETAIN_SELF = YES;
				CLANG_WARN_OBJC_LITERAL_CONVERSION = YES;
				CLANG_WARN_OBJC_ROOT_CLASS = YES_ERROR;
				CLANG_WARN_QUOTED_INCLUDE_IN_FRAMEWORK_HEADER = YES;
				CLANG_WARN_RANGE_LOOP_ANALYSIS = YES;
				CLANG_WARN_STRICT_PROTOTYPES = YES;
				CLANG_WARN_SUSPICIOUS_MOVE = YES;
				CLANG_WARN_UNGUARDED_AVAILABILITY = YES_AGGRESSIVE;
				CLANG_WARN_UNREACHABLE_CODE = YES;
				CLANG_WARN__DUPLICATE_METHOD_MATCH = YES;
				COPY_PHASE_STRIP = NO;
				DEBUG_INFORMATION_FORMAT = "dwarf-with-dsym";
				ENABLE_NS_ASSERTIONS = NO;
				ENABLE_STRICT_OBJC_MSGSEND = YES;
				ENABLE_USER_SCRIPT_SANDBOXING = YES;
				GCC_C_LANGUAGE_STANDARD = gnu17;
				GCC_NO_COMMON_BLOCKS = YES;
				GCC_WARN_64_TO_32_BIT_CONVERSION = YES;
				GCC_WARN_ABOUT_RETURN_TYPE = YES_ERROR;
				GCC_WARN_UNDECLARED_SELECTOR = YES;
				GCC_WARN_UNINITIALIZED_AUTOS = YES_AGGRESSIVE;
				GCC_WARN_UNUSED_FUNCTION = YES;
				GCC_WARN_UNUSED_VARIABLE = YES;
				IPHONEOS_DEPLOYMENT_TARGET = 17.0;
				LOCALIZATION_PREFERS_STRING_CATALOGS = YES;
				MTL_ENABLE_DEBUG_INFO = NO;
				MTL_FAST_MATH = YES;
				SDKROOT = iphoneos;
				SWIFT_COMPILATION_MODE = wholemodule;
				VALIDATE_PRODUCT = YES;
			};
			name = Release;
		};
		933780232ADA7DAA00103273 /* Debug */ = {
			isa = XCBuildConfiguration;
			buildSettings = {
				ASSETCATALOG_COMPILER_APPICON_NAME = AppIcon;
				ASSETCATALOG_COMPILER_GLOBAL_ACCENT_COLOR_NAME = AccentColor;
				CODE_SIGN_STYLE = Automatic;
				CURRENT_PROJECT_VERSION = 1;
				DEVELOPMENT_TEAM = 6RYG55F8TD;
				GENERATE_INFOPLIST_FILE = YES;
				INFOPLIST_FILE = "Petcare-iOS/Resources/Info.plist";
				INFOPLIST_KEY_LSApplicationCategoryType = "public.app-category.medical";
				INFOPLIST_KEY_UIApplicationSupportsIndirectInputEvents = YES;
				INFOPLIST_KEY_UILaunchStoryboardName = LaunchScreen;
				INFOPLIST_KEY_UIMainStoryboardFile = Main;
				INFOPLIST_KEY_UISupportedInterfaceOrientations = "UIInterfaceOrientationLandscapeLeft UIInterfaceOrientationLandscapeRight UIInterfaceOrientationPortrait";
				INFOPLIST_KEY_UISupportedInterfaceOrientations_iPad = "UIInterfaceOrientationLandscapeLeft UIInterfaceOrientationLandscapeRight UIInterfaceOrientationPortrait UIInterfaceOrientationPortraitUpsideDown";
				IPHONEOS_DEPLOYMENT_TARGET = 15.0;
				LD_RUNPATH_SEARCH_PATHS = (
					"$(inherited)",
					"@executable_path/Frameworks",
				);
				MARKETING_VERSION = 1.0;
				PRODUCT_BUNDLE_IDENTIFIER = "kenanbaylan.Petcare-iOS";
				PRODUCT_NAME = "$(TARGET_NAME)";
				SWIFT_EMIT_LOC_STRINGS = YES;
				SWIFT_VERSION = 5.0;
				TARGETED_DEVICE_FAMILY = "1,2";
			};
			name = Debug;
		};
		933780242ADA7DAA00103273 /* Release */ = {
			isa = XCBuildConfiguration;
			buildSettings = {
				ASSETCATALOG_COMPILER_APPICON_NAME = AppIcon;
				ASSETCATALOG_COMPILER_GLOBAL_ACCENT_COLOR_NAME = AccentColor;
				CODE_SIGN_STYLE = Automatic;
				CURRENT_PROJECT_VERSION = 1;
				DEVELOPMENT_TEAM = 6RYG55F8TD;
				GENERATE_INFOPLIST_FILE = YES;
				INFOPLIST_FILE = "Petcare-iOS/Resources/Info.plist";
				INFOPLIST_KEY_LSApplicationCategoryType = "public.app-category.medical";
				INFOPLIST_KEY_UIApplicationSupportsIndirectInputEvents = YES;
				INFOPLIST_KEY_UILaunchStoryboardName = LaunchScreen;
				INFOPLIST_KEY_UIMainStoryboardFile = Main;
				INFOPLIST_KEY_UISupportedInterfaceOrientations = "UIInterfaceOrientationLandscapeLeft UIInterfaceOrientationLandscapeRight UIInterfaceOrientationPortrait";
				INFOPLIST_KEY_UISupportedInterfaceOrientations_iPad = "UIInterfaceOrientationLandscapeLeft UIInterfaceOrientationLandscapeRight UIInterfaceOrientationPortrait UIInterfaceOrientationPortraitUpsideDown";
				IPHONEOS_DEPLOYMENT_TARGET = 15.0;
				LD_RUNPATH_SEARCH_PATHS = (
					"$(inherited)",
					"@executable_path/Frameworks",
				);
				MARKETING_VERSION = 1.0;
				PRODUCT_BUNDLE_IDENTIFIER = "kenanbaylan.Petcare-iOS";
				PRODUCT_NAME = "$(TARGET_NAME)";
				SWIFT_EMIT_LOC_STRINGS = YES;
				SWIFT_VERSION = 5.0;
				TARGETED_DEVICE_FAMILY = "1,2";
			};
			name = Release;
		};
/* End XCBuildConfiguration section */

/* Begin XCConfigurationList section */
		933780092ADA7DA800103273 /* Build configuration list for PBXProject "Petcare-iOS" */ = {
			isa = XCConfigurationList;
			buildConfigurations = (
				933780202ADA7DAA00103273 /* Debug */,
				933780212ADA7DAA00103273 /* Release */,
			);
			defaultConfigurationIsVisible = 0;
			defaultConfigurationName = Release;
		};
		933780222ADA7DAA00103273 /* Build configuration list for PBXNativeTarget "Petcare-iOS" */ = {
			isa = XCConfigurationList;
			buildConfigurations = (
				933780232ADA7DAA00103273 /* Debug */,
				933780242ADA7DAA00103273 /* Release */,
			);
			defaultConfigurationIsVisible = 0;
			defaultConfigurationName = Release;
		};
/* End XCConfigurationList section */
	};
	rootObject = 933780062ADA7DA800103273 /* Project object */;
}
