// !$*UTF8*$!
{
	archiveVersion = 1;
	classes = {
	};
	objectVersion = 56;
	objects = {

/* Begin PBXBuildFile section */
		930CB6C02AF18F4F00E632A7 /* Splash.storyboard in Resources */ = {isa = PBXBuildFile; fileRef = 930CB6BF2AF18F4F00E632A7 /* Splash.storyboard */; };
		93262B452AEBD1360047A79F /* CombineCocoa in Frameworks */ = {isa = PBXBuildFile; productRef = 93262B442AEBD1360047A79F /* CombineCocoa */; };
		933780122ADA7DA800103273 /* AppDelegate.swift in Sources */ = {isa = PBXBuildFile; fileRef = 933780112ADA7DA800103273 /* AppDelegate.swift */; };
		933780142ADA7DA800103273 /* SceneDelegate.swift in Sources */ = {isa = PBXBuildFile; fileRef = 933780132ADA7DA800103273 /* SceneDelegate.swift */; };
		933780192ADA7DA800103273 /* Main.storyboard in Resources */ = {isa = PBXBuildFile; fileRef = 933780172ADA7DA800103273 /* Main.storyboard */; };
		9337801B2ADA7DAA00103273 /* Assets.xcassets in Resources */ = {isa = PBXBuildFile; fileRef = 9337801A2ADA7DAA00103273 /* Assets.xcassets */; };
		9337801E2ADA7DAA00103273 /* LaunchScreen.storyboard in Resources */ = {isa = PBXBuildFile; fileRef = 9337801C2ADA7DAA00103273 /* LaunchScreen.storyboard */; };
		9337803E2ADA80FF00103273 /* Constants.swift in Sources */ = {isa = PBXBuildFile; fileRef = 9337803D2ADA80FF00103273 /* Constants.swift */; };
		933780412ADA814400103273 /* OnboardingModel.swift in Sources */ = {isa = PBXBuildFile; fileRef = 933780402ADA814400103273 /* OnboardingModel.swift */; };
		933780432ADA815400103273 /* Onboarding.storyboard in Resources */ = {isa = PBXBuildFile; fileRef = 933780422ADA815400103273 /* Onboarding.storyboard */; };
		933780472ADA816F00103273 /* OnboardingViewController.swift in Sources */ = {isa = PBXBuildFile; fileRef = 933780462ADA816F00103273 /* OnboardingViewController.swift */; };
		933780492ADA81A100103273 /* OnboardingPresenter.swift in Sources */ = {isa = PBXBuildFile; fileRef = 933780482ADA81A100103273 /* OnboardingPresenter.swift */; };
		9337804B2ADA81A700103273 /* OnboardingRouter.swift in Sources */ = {isa = PBXBuildFile; fileRef = 9337804A2ADA81A700103273 /* OnboardingRouter.swift */; };
		9337804D2ADA81AF00103273 /* OnboardingInteractor.swift in Sources */ = {isa = PBXBuildFile; fileRef = 9337804C2ADA81AF00103273 /* OnboardingInteractor.swift */; };
		933780512ADA823300103273 /* Login.storyboard in Resources */ = {isa = PBXBuildFile; fileRef = 933780502ADA823300103273 /* Login.storyboard */; };
		933780532ADA823D00103273 /* LoginViewController.swift in Sources */ = {isa = PBXBuildFile; fileRef = 933780522ADA823D00103273 /* LoginViewController.swift */; };
		933780552ADA824500103273 /* LoginPresenter.swift in Sources */ = {isa = PBXBuildFile; fileRef = 933780542ADA824500103273 /* LoginPresenter.swift */; };
		933780572ADA824D00103273 /* LoginInteractor.swift in Sources */ = {isa = PBXBuildFile; fileRef = 933780562ADA824D00103273 /* LoginInteractor.swift */; };
		933780592ADA825200103273 /* LoginRouter.swift in Sources */ = {isa = PBXBuildFile; fileRef = 933780582ADA825200103273 /* LoginRouter.swift */; };
		9337805B2ADA826B00103273 /* User.swift in Sources */ = {isa = PBXBuildFile; fileRef = 9337805A2ADA826B00103273 /* User.swift */; };
		933780602ADC0DC000103273 /* SplashViewController.swift in Sources */ = {isa = PBXBuildFile; fileRef = 9337805E2ADC0DC000103273 /* SplashViewController.swift */; };
		933780652ADC0DF000103273 /* SplashRouter.swift in Sources */ = {isa = PBXBuildFile; fileRef = 933780642ADC0DF000103273 /* SplashRouter.swift */; };
		933780672ADC0DF900103273 /* SplashPresenter.swift in Sources */ = {isa = PBXBuildFile; fileRef = 933780662ADC0DF900103273 /* SplashPresenter.swift */; };
		933780692ADC0DFF00103273 /* SplashInteractor.swift in Sources */ = {isa = PBXBuildFile; fileRef = 933780682ADC0DFF00103273 /* SplashInteractor.swift */; };
		9348B4532AE05DAE00F7185A /* SwipeCollectionViewCell.swift in Sources */ = {isa = PBXBuildFile; fileRef = 9348B4522AE05DAE00F7185A /* SwipeCollectionViewCell.swift */; };
		9348B45E2AE0631E00F7185A /* AppFonts.swift in Sources */ = {isa = PBXBuildFile; fileRef = 9348B45D2AE0631E00F7185A /* AppFonts.swift */; };
		93822B2C2AF8B9FB00989255 /* HeaderView.swift in Sources */ = {isa = PBXBuildFile; fileRef = 93822B2B2AF8B9FB00989255 /* HeaderView.swift */; };
		93822B2E2AF963C500989255 /* ControlLabel.swift in Sources */ = {isa = PBXBuildFile; fileRef = 93822B2D2AF963C500989255 /* ControlLabel.swift */; };
		93822B302AF9665800989255 /* TextButton.swift in Sources */ = {isa = PBXBuildFile; fileRef = 93822B2F2AF9665800989255 /* TextButton.swift */; };
		93822B322AF9672400989255 /* AppColors.swift in Sources */ = {isa = PBXBuildFile; fileRef = 93822B312AF9672400989255 /* AppColors.swift */; };
		93822B352AF9698500989255 /* SecurityTextfield.swift in Sources */ = {isa = PBXBuildFile; fileRef = 93822B342AF9698500989255 /* SecurityTextfield.swift */; };
		93822B372AF96C3700989255 /* ControlView.swift in Sources */ = {isa = PBXBuildFile; fileRef = 93822B362AF96C3700989255 /* ControlView.swift */; };
		93CE90672AF7BA2E0025FBB0 /* Home.storyboard in Resources */ = {isa = PBXBuildFile; fileRef = 93CE90662AF7BA2E0025FBB0 /* Home.storyboard */; };
		93CE90692AF7BA380025FBB0 /* HomeViewController.swift in Sources */ = {isa = PBXBuildFile; fileRef = 93CE90682AF7BA380025FBB0 /* HomeViewController.swift */; };
		93CE906B2AF7BA420025FBB0 /* HomeEntity.swift in Sources */ = {isa = PBXBuildFile; fileRef = 93CE906A2AF7BA420025FBB0 /* HomeEntity.swift */; };
		93CE906D2AF7BA4C0025FBB0 /* HomePresenter.swift in Sources */ = {isa = PBXBuildFile; fileRef = 93CE906C2AF7BA4C0025FBB0 /* HomePresenter.swift */; };
		93CE906F2AF7BA550025FBB0 /* HomeInteractor.swift in Sources */ = {isa = PBXBuildFile; fileRef = 93CE906E2AF7BA550025FBB0 /* HomeInteractor.swift */; };
		93CE90712AF7BA5C0025FBB0 /* HomeRouter.swift in Sources */ = {isa = PBXBuildFile; fileRef = 93CE90702AF7BA5C0025FBB0 /* HomeRouter.swift */; };
		93CE90732AF7BA910025FBB0 /* MainTabbar.swift in Sources */ = {isa = PBXBuildFile; fileRef = 93CE90722AF7BA910025FBB0 /* MainTabbar.swift */; };
		93CE90752AF7D51C0025FBB0 /* Calendar.storyboard in Resources */ = {isa = PBXBuildFile; fileRef = 93CE90742AF7D51C0025FBB0 /* Calendar.storyboard */; };
		93CE90772AF7D5260025FBB0 /* CalendarViewController.swift in Sources */ = {isa = PBXBuildFile; fileRef = 93CE90762AF7D5260025FBB0 /* CalendarViewController.swift */; };
		93CE90792AF7D5370025FBB0 /* CalendarRouter.swift in Sources */ = {isa = PBXBuildFile; fileRef = 93CE90782AF7D5370025FBB0 /* CalendarRouter.swift */; };
		93CE907B2AF7D53F0025FBB0 /* CalendarInteractor.swift in Sources */ = {isa = PBXBuildFile; fileRef = 93CE907A2AF7D53F0025FBB0 /* CalendarInteractor.swift */; };
		93CE907D2AF7D5460025FBB0 /* CalendarPresenter.swift in Sources */ = {isa = PBXBuildFile; fileRef = 93CE907C2AF7D5460025FBB0 /* CalendarPresenter.swift */; };
		93CE907F2AF7D5580025FBB0 /* CalendarModel.swift in Sources */ = {isa = PBXBuildFile; fileRef = 93CE907E2AF7D5580025FBB0 /* CalendarModel.swift */; };
		93CE90812AF7D57F0025FBB0 /* VetMap.storyboard in Resources */ = {isa = PBXBuildFile; fileRef = 93CE90802AF7D57F0025FBB0 /* VetMap.storyboard */; };
		93CE90832AF7D5980025FBB0 /* VetMapViewController.swift in Sources */ = {isa = PBXBuildFile; fileRef = 93CE90822AF7D5980025FBB0 /* VetMapViewController.swift */; };
		93CE90852AF7D5AF0025FBB0 /* VetMapRouter.swift in Sources */ = {isa = PBXBuildFile; fileRef = 93CE90842AF7D5AF0025FBB0 /* VetMapRouter.swift */; };
		93CE90872AF7D5C40025FBB0 /* VetMapInteractor.swift in Sources */ = {isa = PBXBuildFile; fileRef = 93CE90862AF7D5C40025FBB0 /* VetMapInteractor.swift */; };
		93CE90892AF7D5CC0025FBB0 /* VetMapPresenter.swift in Sources */ = {isa = PBXBuildFile; fileRef = 93CE90882AF7D5CC0025FBB0 /* VetMapPresenter.swift */; };
		93CE908B2AF7D5E00025FBB0 /* Settings.storyboard in Resources */ = {isa = PBXBuildFile; fileRef = 93CE908A2AF7D5E00025FBB0 /* Settings.storyboard */; };
		93CE908D2AF7D5E60025FBB0 /* SettingsViewController.swift in Sources */ = {isa = PBXBuildFile; fileRef = 93CE908C2AF7D5E60025FBB0 /* SettingsViewController.swift */; };
		93CE908F2AF7D5F50025FBB0 /* SettingsInteractor.swift in Sources */ = {isa = PBXBuildFile; fileRef = 93CE908E2AF7D5F50025FBB0 /* SettingsInteractor.swift */; };
		93CE90912AF7D5FA0025FBB0 /* SettingsPresenter.swift in Sources */ = {isa = PBXBuildFile; fileRef = 93CE90902AF7D5FA0025FBB0 /* SettingsPresenter.swift */; };
		93CE90932AF7D6000025FBB0 /* SettingsRouter.swift in Sources */ = {isa = PBXBuildFile; fileRef = 93CE90922AF7D6000025FBB0 /* SettingsRouter.swift */; };
		93CE90952AF7E1C60025FBB0 /* Tabbar.swift in Sources */ = {isa = PBXBuildFile; fileRef = 93CE90942AF7E1C60025FBB0 /* Tabbar.swift */; };
		93CE90982AF7E4A30025FBB0 /* SearchTextfield.swift in Sources */ = {isa = PBXBuildFile; fileRef = 93CE90972AF7E4A30025FBB0 /* SearchTextfield.swift */; };
/* End PBXBuildFile section */

/* Begin PBXFileReference section */
		930CB6BF2AF18F4F00E632A7 /* Splash.storyboard */ = {isa = PBXFileReference; lastKnownFileType = file.storyboard; path = Splash.storyboard; sourceTree = "<group>"; };
		9337800E2ADA7DA800103273 /* Petcare-iOS.app */ = {isa = PBXFileReference; explicitFileType = wrapper.application; includeInIndex = 0; path = "Petcare-iOS.app"; sourceTree = BUILT_PRODUCTS_DIR; };
		933780112ADA7DA800103273 /* AppDelegate.swift */ = {isa = PBXFileReference; lastKnownFileType = sourcecode.swift; path = AppDelegate.swift; sourceTree = "<group>"; };
		933780132ADA7DA800103273 /* SceneDelegate.swift */ = {isa = PBXFileReference; lastKnownFileType = sourcecode.swift; path = SceneDelegate.swift; sourceTree = "<group>"; };
		933780182ADA7DA800103273 /* Base */ = {isa = PBXFileReference; lastKnownFileType = file.storyboard; name = Base; path = Base.lproj/Main.storyboard; sourceTree = "<group>"; };
		9337801A2ADA7DAA00103273 /* Assets.xcassets */ = {isa = PBXFileReference; lastKnownFileType = folder.assetcatalog; path = Assets.xcassets; sourceTree = "<group>"; };
		9337801D2ADA7DAA00103273 /* Base */ = {isa = PBXFileReference; lastKnownFileType = file.storyboard; name = Base; path = Base.lproj/LaunchScreen.storyboard; sourceTree = "<group>"; };
		9337801F2ADA7DAA00103273 /* Info.plist */ = {isa = PBXFileReference; lastKnownFileType = text.plist.xml; path = Info.plist; sourceTree = "<group>"; };
		9337803D2ADA80FF00103273 /* Constants.swift */ = {isa = PBXFileReference; lastKnownFileType = sourcecode.swift; path = Constants.swift; sourceTree = "<group>"; };
		933780402ADA814400103273 /* OnboardingModel.swift */ = {isa = PBXFileReference; lastKnownFileType = sourcecode.swift; path = OnboardingModel.swift; sourceTree = "<group>"; };
		933780422ADA815400103273 /* Onboarding.storyboard */ = {isa = PBXFileReference; lastKnownFileType = file.storyboard; path = Onboarding.storyboard; sourceTree = "<group>"; };
		933780462ADA816F00103273 /* OnboardingViewController.swift */ = {isa = PBXFileReference; lastKnownFileType = sourcecode.swift; path = OnboardingViewController.swift; sourceTree = "<group>"; };
		933780482ADA81A100103273 /* OnboardingPresenter.swift */ = {isa = PBXFileReference; lastKnownFileType = sourcecode.swift; path = OnboardingPresenter.swift; sourceTree = "<group>"; };
		9337804A2ADA81A700103273 /* OnboardingRouter.swift */ = {isa = PBXFileReference; lastKnownFileType = sourcecode.swift; path = OnboardingRouter.swift; sourceTree = "<group>"; };
		9337804C2ADA81AF00103273 /* OnboardingInteractor.swift */ = {isa = PBXFileReference; lastKnownFileType = sourcecode.swift; path = OnboardingInteractor.swift; sourceTree = "<group>"; };
		933780502ADA823300103273 /* Login.storyboard */ = {isa = PBXFileReference; lastKnownFileType = file.storyboard; path = Login.storyboard; sourceTree = "<group>"; };
		933780522ADA823D00103273 /* LoginViewController.swift */ = {isa = PBXFileReference; lastKnownFileType = sourcecode.swift; path = LoginViewController.swift; sourceTree = "<group>"; };
		933780542ADA824500103273 /* LoginPresenter.swift */ = {isa = PBXFileReference; lastKnownFileType = sourcecode.swift; path = LoginPresenter.swift; sourceTree = "<group>"; };
		933780562ADA824D00103273 /* LoginInteractor.swift */ = {isa = PBXFileReference; lastKnownFileType = sourcecode.swift; path = LoginInteractor.swift; sourceTree = "<group>"; };
		933780582ADA825200103273 /* LoginRouter.swift */ = {isa = PBXFileReference; lastKnownFileType = sourcecode.swift; path = LoginRouter.swift; sourceTree = "<group>"; };
		9337805A2ADA826B00103273 /* User.swift */ = {isa = PBXFileReference; lastKnownFileType = sourcecode.swift; path = User.swift; sourceTree = "<group>"; };
		9337805E2ADC0DC000103273 /* SplashViewController.swift */ = {isa = PBXFileReference; lastKnownFileType = sourcecode.swift; path = SplashViewController.swift; sourceTree = "<group>"; };
		933780642ADC0DF000103273 /* SplashRouter.swift */ = {isa = PBXFileReference; lastKnownFileType = sourcecode.swift; path = SplashRouter.swift; sourceTree = "<group>"; };
		933780662ADC0DF900103273 /* SplashPresenter.swift */ = {isa = PBXFileReference; lastKnownFileType = sourcecode.swift; path = SplashPresenter.swift; sourceTree = "<group>"; };
		933780682ADC0DFF00103273 /* SplashInteractor.swift */ = {isa = PBXFileReference; lastKnownFileType = sourcecode.swift; path = SplashInteractor.swift; sourceTree = "<group>"; };
		9348B4522AE05DAE00F7185A /* SwipeCollectionViewCell.swift */ = {isa = PBXFileReference; lastKnownFileType = sourcecode.swift; path = SwipeCollectionViewCell.swift; sourceTree = "<group>"; };
		9348B4562AE0620400F7185A /* Kanit-Thin.ttf */ = {isa = PBXFileReference; lastKnownFileType = file; path = "Kanit-Thin.ttf"; sourceTree = "<group>"; };
		9348B4572AE0620400F7185A /* Kanit-Black.ttf */ = {isa = PBXFileReference; lastKnownFileType = file; path = "Kanit-Black.ttf"; sourceTree = "<group>"; };
		9348B4582AE0620400F7185A /* Kanit-SemiBold.ttf */ = {isa = PBXFileReference; lastKnownFileType = file; path = "Kanit-SemiBold.ttf"; sourceTree = "<group>"; };
		9348B4592AE0620400F7185A /* Kanit-Bold.ttf */ = {isa = PBXFileReference; lastKnownFileType = file; path = "Kanit-Bold.ttf"; sourceTree = "<group>"; };
		9348B45A2AE0620400F7185A /* Kanit-Medium.ttf */ = {isa = PBXFileReference; lastKnownFileType = file; path = "Kanit-Medium.ttf"; sourceTree = "<group>"; };
		9348B45B2AE0620400F7185A /* Kanit-ExtraBold.ttf */ = {isa = PBXFileReference; lastKnownFileType = file; path = "Kanit-ExtraBold.ttf"; sourceTree = "<group>"; };
		9348B45C2AE0620400F7185A /* Kanit-Light.ttf */ = {isa = PBXFileReference; lastKnownFileType = file; path = "Kanit-Light.ttf"; sourceTree = "<group>"; };
		9348B45D2AE0631E00F7185A /* AppFonts.swift */ = {isa = PBXFileReference; lastKnownFileType = sourcecode.swift; path = AppFonts.swift; sourceTree = "<group>"; };
		93822B2B2AF8B9FB00989255 /* HeaderView.swift */ = {isa = PBXFileReference; lastKnownFileType = sourcecode.swift; path = HeaderView.swift; sourceTree = "<group>"; };
		93822B2D2AF963C500989255 /* ControlLabel.swift */ = {isa = PBXFileReference; lastKnownFileType = sourcecode.swift; path = ControlLabel.swift; sourceTree = "<group>"; };
		93822B2F2AF9665800989255 /* TextButton.swift */ = {isa = PBXFileReference; lastKnownFileType = sourcecode.swift; path = TextButton.swift; sourceTree = "<group>"; };
		93822B312AF9672400989255 /* AppColors.swift */ = {isa = PBXFileReference; lastKnownFileType = sourcecode.swift; path = AppColors.swift; sourceTree = "<group>"; };
		93822B342AF9698500989255 /* SecurityTextfield.swift */ = {isa = PBXFileReference; lastKnownFileType = sourcecode.swift; path = SecurityTextfield.swift; sourceTree = "<group>"; };
		93822B362AF96C3700989255 /* ControlView.swift */ = {isa = PBXFileReference; lastKnownFileType = sourcecode.swift; path = ControlView.swift; sourceTree = "<group>"; };
		93CE90662AF7BA2E0025FBB0 /* Home.storyboard */ = {isa = PBXFileReference; lastKnownFileType = file.storyboard; path = Home.storyboard; sourceTree = "<group>"; };
		93CE90682AF7BA380025FBB0 /* HomeViewController.swift */ = {isa = PBXFileReference; lastKnownFileType = sourcecode.swift; path = HomeViewController.swift; sourceTree = "<group>"; };
		93CE906A2AF7BA420025FBB0 /* HomeEntity.swift */ = {isa = PBXFileReference; lastKnownFileType = sourcecode.swift; path = HomeEntity.swift; sourceTree = "<group>"; };
		93CE906C2AF7BA4C0025FBB0 /* HomePresenter.swift */ = {isa = PBXFileReference; lastKnownFileType = sourcecode.swift; path = HomePresenter.swift; sourceTree = "<group>"; };
		93CE906E2AF7BA550025FBB0 /* HomeInteractor.swift */ = {isa = PBXFileReference; lastKnownFileType = sourcecode.swift; path = HomeInteractor.swift; sourceTree = "<group>"; };
		93CE90702AF7BA5C0025FBB0 /* HomeRouter.swift */ = {isa = PBXFileReference; lastKnownFileType = sourcecode.swift; path = HomeRouter.swift; sourceTree = "<group>"; };
		93CE90722AF7BA910025FBB0 /* MainTabbar.swift */ = {isa = PBXFileReference; lastKnownFileType = sourcecode.swift; path = MainTabbar.swift; sourceTree = "<group>"; };
		93CE90742AF7D51C0025FBB0 /* Calendar.storyboard */ = {isa = PBXFileReference; lastKnownFileType = file.storyboard; path = Calendar.storyboard; sourceTree = "<group>"; };
		93CE90762AF7D5260025FBB0 /* CalendarViewController.swift */ = {isa = PBXFileReference; lastKnownFileType = sourcecode.swift; path = CalendarViewController.swift; sourceTree = "<group>"; };
		93CE90782AF7D5370025FBB0 /* CalendarRouter.swift */ = {isa = PBXFileReference; lastKnownFileType = sourcecode.swift; path = CalendarRouter.swift; sourceTree = "<group>"; };
		93CE907A2AF7D53F0025FBB0 /* CalendarInteractor.swift */ = {isa = PBXFileReference; lastKnownFileType = sourcecode.swift; path = CalendarInteractor.swift; sourceTree = "<group>"; };
		93CE907C2AF7D5460025FBB0 /* CalendarPresenter.swift */ = {isa = PBXFileReference; lastKnownFileType = sourcecode.swift; path = CalendarPresenter.swift; sourceTree = "<group>"; };
		93CE907E2AF7D5580025FBB0 /* CalendarModel.swift */ = {isa = PBXFileReference; lastKnownFileType = sourcecode.swift; path = CalendarModel.swift; sourceTree = "<group>"; };
		93CE90802AF7D57F0025FBB0 /* VetMap.storyboard */ = {isa = PBXFileReference; lastKnownFileType = file.storyboard; path = VetMap.storyboard; sourceTree = "<group>"; };
		93CE90822AF7D5980025FBB0 /* VetMapViewController.swift */ = {isa = PBXFileReference; lastKnownFileType = sourcecode.swift; path = VetMapViewController.swift; sourceTree = "<group>"; };
		93CE90842AF7D5AF0025FBB0 /* VetMapRouter.swift */ = {isa = PBXFileReference; lastKnownFileType = sourcecode.swift; path = VetMapRouter.swift; sourceTree = "<group>"; };
		93CE90862AF7D5C40025FBB0 /* VetMapInteractor.swift */ = {isa = PBXFileReference; lastKnownFileType = sourcecode.swift; path = VetMapInteractor.swift; sourceTree = "<group>"; };
		93CE90882AF7D5CC0025FBB0 /* VetMapPresenter.swift */ = {isa = PBXFileReference; lastKnownFileType = sourcecode.swift; path = VetMapPresenter.swift; sourceTree = "<group>"; };
		93CE908A2AF7D5E00025FBB0 /* Settings.storyboard */ = {isa = PBXFileReference; lastKnownFileType = file.storyboard; path = Settings.storyboard; sourceTree = "<group>"; };
		93CE908C2AF7D5E60025FBB0 /* SettingsViewController.swift */ = {isa = PBXFileReference; lastKnownFileType = sourcecode.swift; path = SettingsViewController.swift; sourceTree = "<group>"; };
		93CE908E2AF7D5F50025FBB0 /* SettingsInteractor.swift */ = {isa = PBXFileReference; lastKnownFileType = sourcecode.swift; path = SettingsInteractor.swift; sourceTree = "<group>"; };
		93CE90902AF7D5FA0025FBB0 /* SettingsPresenter.swift */ = {isa = PBXFileReference; lastKnownFileType = sourcecode.swift; path = SettingsPresenter.swift; sourceTree = "<group>"; };
		93CE90922AF7D6000025FBB0 /* SettingsRouter.swift */ = {isa = PBXFileReference; lastKnownFileType = sourcecode.swift; path = SettingsRouter.swift; sourceTree = "<group>"; };
		93CE90942AF7E1C60025FBB0 /* Tabbar.swift */ = {isa = PBXFileReference; lastKnownFileType = sourcecode.swift; path = Tabbar.swift; sourceTree = "<group>"; };
		93CE90972AF7E4A30025FBB0 /* SearchTextfield.swift */ = {isa = PBXFileReference; lastKnownFileType = sourcecode.swift; path = SearchTextfield.swift; sourceTree = "<group>"; };
/* End PBXFileReference section */

/* Begin PBXFrameworksBuildPhase section */
		9337800B2ADA7DA800103273 /* Frameworks */ = {
			isa = PBXFrameworksBuildPhase;
			buildActionMask = 2147483647;
			files = (
				93262B452AEBD1360047A79F /* CombineCocoa in Frameworks */,
			);
			runOnlyForDeploymentPostprocessing = 0;
		};
/* End PBXFrameworksBuildPhase section */

/* Begin PBXGroup section */
		933780052ADA7DA800103273 = {
			isa = PBXGroup;
			children = (
				933780102ADA7DA800103273 /* Petcare-iOS */,
				9337800F2ADA7DA800103273 /* Products */,
			);
			sourceTree = "<group>";
		};
		9337800F2ADA7DA800103273 /* Products */ = {
			isa = PBXGroup;
			children = (
				9337800E2ADA7DA800103273 /* Petcare-iOS.app */,
			);
			name = Products;
			sourceTree = "<group>";
		};
		933780102ADA7DA800103273 /* Petcare-iOS */ = {
			isa = PBXGroup;
			children = (
				933780252ADA7E0400103273 /* App */,
				933780292ADA7E2700103273 /* Helper */,
				9348B4542AE061EA00F7185A /* Utils */,
				933780382ADA7F1300103273 /* Components */,
				933780282ADA7E2200103273 /* Core */,
				9337802C2ADA7E4100103273 /* Modules */,
				933780262ADA7E1300103273 /* Resources */,
			);
			path = "Petcare-iOS";
			sourceTree = "<group>";
		};
		933780252ADA7E0400103273 /* App */ = {
			isa = PBXGroup;
			children = (
				933780132ADA7DA800103273 /* SceneDelegate.swift */,
				933780112ADA7DA800103273 /* AppDelegate.swift */,
			);
			path = App;
			sourceTree = "<group>";
		};
		933780262ADA7E1300103273 /* Resources */ = {
			isa = PBXGroup;
			children = (
				9337801C2ADA7DAA00103273 /* LaunchScreen.storyboard */,
				9337801F2ADA7DAA00103273 /* Info.plist */,
				9337801A2ADA7DAA00103273 /* Assets.xcassets */,
				933780172ADA7DA800103273 /* Main.storyboard */,
			);
			path = Resources;
			sourceTree = "<group>";
		};
		933780282ADA7E2200103273 /* Core */ = {
			isa = PBXGroup;
			children = (
				93E0D78A2ADF0FB80087979F /* CustomViews */,
				933780352ADA7E9100103273 /* MainTabbar */,
			);
			path = Core;
			sourceTree = "<group>";
		};
		933780292ADA7E2700103273 /* Helper */ = {
			isa = PBXGroup;
			children = (
				9337802B2ADA7E3600103273 /* Constants */,
				9337802A2ADA7E2C00103273 /* Extensions */,
			);
			path = Helper;
			sourceTree = "<group>";
		};
		9337802A2ADA7E2C00103273 /* Extensions */ = {
			isa = PBXGroup;
			children = (
			);
			path = Extensions;
			sourceTree = "<group>";
		};
		9337802B2ADA7E3600103273 /* Constants */ = {
			isa = PBXGroup;
			children = (
				9337803D2ADA80FF00103273 /* Constants.swift */,
				93CE90942AF7E1C60025FBB0 /* Tabbar.swift */,
				9348B45D2AE0631E00F7185A /* AppFonts.swift */,
				93822B312AF9672400989255 /* AppColors.swift */,
			);
			path = Constants;
			sourceTree = "<group>";
		};
		9337802C2ADA7E4100103273 /* Modules */ = {
			isa = PBXGroup;
			children = (
				9337802D2ADA7E4C00103273 /* Splash */,
				9337802E2ADA7E5400103273 /* Onboarding */,
				9337802F2ADA7E5A00103273 /* Authentication */,
				933780302ADA7E6600103273 /* Main */,
			);
			path = Modules;
			sourceTree = "<group>";
		};
		9337802D2ADA7E4C00103273 /* Splash */ = {
			isa = PBXGroup;
			children = (
				933780642ADC0DF000103273 /* SplashRouter.swift */,
				933780682ADC0DFF00103273 /* SplashInteractor.swift */,
				933780662ADC0DF900103273 /* SplashPresenter.swift */,
				9337805E2ADC0DC000103273 /* SplashViewController.swift */,
				930CB6BF2AF18F4F00E632A7 /* Splash.storyboard */,
			);
			path = Splash;
			sourceTree = "<group>";
		};
		9337802E2ADA7E5400103273 /* Onboarding */ = {
			isa = PBXGroup;
			children = (
				933780402ADA814400103273 /* OnboardingModel.swift */,
				9337804A2ADA81A700103273 /* OnboardingRouter.swift */,
				9337804C2ADA81AF00103273 /* OnboardingInteractor.swift */,
				933780482ADA81A100103273 /* OnboardingPresenter.swift */,
				933780462ADA816F00103273 /* OnboardingViewController.swift */,
				933780422ADA815400103273 /* Onboarding.storyboard */,
			);
			path = Onboarding;
			sourceTree = "<group>";
		};
		9337802F2ADA7E5A00103273 /* Authentication */ = {
			isa = PBXGroup;
			children = (
				933780392ADA7F2900103273 /* Login */,
				9337803C2ADA7F4000103273 /* ForgotPassword */,
				9337803B2ADA7F3800103273 /* SmsOtp */,
				9337803A2ADA7F2F00103273 /* Register */,
			);
			path = Authentication;
			sourceTree = "<group>";
		};
		933780302ADA7E6600103273 /* Main */ = {
			isa = PBXGroup;
			children = (
				933780332ADA7E7B00103273 /* Home */,
				933780372ADA7EA900103273 /* Calendar */,
				933780322ADA7E7200103273 /* VetMaps */,
				933780362ADA7E9600103273 /* Settings */,
			);
			path = Main;
			sourceTree = "<group>";
		};
		933780322ADA7E7200103273 /* VetMaps */ = {
			isa = PBXGroup;
			children = (
				93CE90842AF7D5AF0025FBB0 /* VetMapRouter.swift */,
				93CE90862AF7D5C40025FBB0 /* VetMapInteractor.swift */,
				93CE90882AF7D5CC0025FBB0 /* VetMapPresenter.swift */,
				93CE90822AF7D5980025FBB0 /* VetMapViewController.swift */,
				93CE90802AF7D57F0025FBB0 /* VetMap.storyboard */,
			);
			path = VetMaps;
			sourceTree = "<group>";
		};
		933780332ADA7E7B00103273 /* Home */ = {
			isa = PBXGroup;
			children = (
				93CE906A2AF7BA420025FBB0 /* HomeEntity.swift */,
				93CE90702AF7BA5C0025FBB0 /* HomeRouter.swift */,
				93CE906E2AF7BA550025FBB0 /* HomeInteractor.swift */,
				93CE906C2AF7BA4C0025FBB0 /* HomePresenter.swift */,
				93CE90682AF7BA380025FBB0 /* HomeViewController.swift */,
				93CE90662AF7BA2E0025FBB0 /* Home.storyboard */,
			);
			path = Home;
			sourceTree = "<group>";
		};
		933780352ADA7E9100103273 /* MainTabbar */ = {
			isa = PBXGroup;
			children = (
				93CE90722AF7BA910025FBB0 /* MainTabbar.swift */,
			);
			path = MainTabbar;
			sourceTree = "<group>";
		};
		933780362ADA7E9600103273 /* Settings */ = {
			isa = PBXGroup;
			children = (
				93CE90922AF7D6000025FBB0 /* SettingsRouter.swift */,
				93CE908E2AF7D5F50025FBB0 /* SettingsInteractor.swift */,
				93CE90902AF7D5FA0025FBB0 /* SettingsPresenter.swift */,
				93CE908C2AF7D5E60025FBB0 /* SettingsViewController.swift */,
				93CE908A2AF7D5E00025FBB0 /* Settings.storyboard */,
			);
			path = Settings;
			sourceTree = "<group>";
		};
		933780372ADA7EA900103273 /* Calendar */ = {
			isa = PBXGroup;
			children = (
				93CE907E2AF7D5580025FBB0 /* CalendarModel.swift */,
				93CE90782AF7D5370025FBB0 /* CalendarRouter.swift */,
				93CE907A2AF7D53F0025FBB0 /* CalendarInteractor.swift */,
				93CE907C2AF7D5460025FBB0 /* CalendarPresenter.swift */,
				93CE90762AF7D5260025FBB0 /* CalendarViewController.swift */,
				93CE90742AF7D51C0025FBB0 /* Calendar.storyboard */,
			);
			path = Calendar;
			sourceTree = "<group>";
		};
		933780382ADA7F1300103273 /* Components */ = {
			isa = PBXGroup;
			children = (
				93822B2A2AF8B9F200989255 /* Header */,
				93CE90962AF7E4950025FBB0 /* SearchTextfield */,
			);
			path = Components;
			sourceTree = "<group>";
		};
		933780392ADA7F2900103273 /* Login */ = {
			isa = PBXGroup;
			children = (
				9337805A2ADA826B00103273 /* User.swift */,
				933780582ADA825200103273 /* LoginRouter.swift */,
				933780562ADA824D00103273 /* LoginInteractor.swift */,
				933780542ADA824500103273 /* LoginPresenter.swift */,
				933780522ADA823D00103273 /* LoginViewController.swift */,
				933780502ADA823300103273 /* Login.storyboard */,
			);
			path = Login;
			sourceTree = "<group>";
		};
		9337803A2ADA7F2F00103273 /* Register */ = {
			isa = PBXGroup;
			children = (
			);
			name = Register;
			path = "Regşster";
			sourceTree = "<group>";
		};
		9337803B2ADA7F3800103273 /* SmsOtp */ = {
			isa = PBXGroup;
			children = (
			);
			path = SmsOtp;
			sourceTree = "<group>";
		};
		9337803C2ADA7F4000103273 /* ForgotPassword */ = {
			isa = PBXGroup;
			children = (
			);
			path = ForgotPassword;
			sourceTree = "<group>";
		};
		9348B4512AE05D9600F7185A /* UICollectionViewCell */ = {
			isa = PBXGroup;
			children = (
				9348B4522AE05DAE00F7185A /* SwipeCollectionViewCell.swift */,
			);
			path = UICollectionViewCell;
			sourceTree = "<group>";
		};
		9348B4542AE061EA00F7185A /* Utils */ = {
			isa = PBXGroup;
			children = (
				9348B4552AE061F500F7185A /* Fonts */,
				93822B2D2AF963C500989255 /* ControlLabel.swift */,
				93822B2F2AF9665800989255 /* TextButton.swift */,
				93822B342AF9698500989255 /* SecurityTextfield.swift */,
				93822B362AF96C3700989255 /* ControlView.swift */,
			);
			path = Utils;
			sourceTree = "<group>";
		};
		9348B4552AE061F500F7185A /* Fonts */ = {
			isa = PBXGroup;
			children = (
				9348B4572AE0620400F7185A /* Kanit-Black.ttf */,
				9348B4592AE0620400F7185A /* Kanit-Bold.ttf */,
				9348B45B2AE0620400F7185A /* Kanit-ExtraBold.ttf */,
				9348B45C2AE0620400F7185A /* Kanit-Light.ttf */,
				9348B45A2AE0620400F7185A /* Kanit-Medium.ttf */,
				9348B4582AE0620400F7185A /* Kanit-SemiBold.ttf */,
				9348B4562AE0620400F7185A /* Kanit-Thin.ttf */,
			);
			path = Fonts;
			sourceTree = "<group>";
		};
		93822B2A2AF8B9F200989255 /* Header */ = {
			isa = PBXGroup;
			children = (
				93822B2B2AF8B9FB00989255 /* HeaderView.swift */,
			);
			path = Header;
			sourceTree = "<group>";
		};
		93CE90962AF7E4950025FBB0 /* SearchTextfield */ = {
			isa = PBXGroup;
			children = (
				93CE90972AF7E4A30025FBB0 /* SearchTextfield.swift */,
			);
			path = SearchTextfield;
			sourceTree = "<group>";
		};
		93E0D78A2ADF0FB80087979F /* CustomViews */ = {
			isa = PBXGroup;
			children = (
				9348B4512AE05D9600F7185A /* UICollectionViewCell */,
			);
			path = CustomViews;
			sourceTree = "<group>";
		};
/* End PBXGroup section */

/* Begin PBXNativeTarget section */
		9337800D2ADA7DA800103273 /* Petcare-iOS */ = {
			isa = PBXNativeTarget;
			buildConfigurationList = 933780222ADA7DAA00103273 /* Build configuration list for PBXNativeTarget "Petcare-iOS" */;
			buildPhases = (
				9337800A2ADA7DA800103273 /* Sources */,
				9337800B2ADA7DA800103273 /* Frameworks */,
				9337800C2ADA7DA800103273 /* Resources */,
			);
			buildRules = (
			);
			dependencies = (
			);
			name = "Petcare-iOS";
			packageProductDependencies = (
				93262B442AEBD1360047A79F /* CombineCocoa */,
			);
			productName = "Petcare-iOS";
			productReference = 9337800E2ADA7DA800103273 /* Petcare-iOS.app */;
			productType = "com.apple.product-type.application";
		};
/* End PBXNativeTarget section */

/* Begin PBXProject section */
		933780062ADA7DA800103273 /* Project object */ = {
			isa = PBXProject;
			attributes = {
				BuildIndependentTargetsInParallel = 1;
				LastSwiftUpdateCheck = 1500;
				LastUpgradeCheck = 1500;
				TargetAttributes = {
					9337800D2ADA7DA800103273 = {
						CreatedOnToolsVersion = 15.0;
					};
				};
			};
			buildConfigurationList = 933780092ADA7DA800103273 /* Build configuration list for PBXProject "Petcare-iOS" */;
			compatibilityVersion = "Xcode 14.0";
			developmentRegion = en;
			hasScannedForEncodings = 0;
			knownRegions = (
				en,
				Base,
			);
			mainGroup = 933780052ADA7DA800103273;
			packageReferences = (
				93262B432AEBD1360047A79F /* XCRemoteSwiftPackageReference "CombineCocoa" */,
			);
			productRefGroup = 9337800F2ADA7DA800103273 /* Products */;
			projectDirPath = "";
			projectRoot = "";
			targets = (
				9337800D2ADA7DA800103273 /* Petcare-iOS */,
			);
		};
/* End PBXProject section */

/* Begin PBXResourcesBuildPhase section */
		9337800C2ADA7DA800103273 /* Resources */ = {
			isa = PBXResourcesBuildPhase;
			buildActionMask = 2147483647;
			files = (
				93CE90672AF7BA2E0025FBB0 /* Home.storyboard in Resources */,
				9337801E2ADA7DAA00103273 /* LaunchScreen.storyboard in Resources */,
				9337801B2ADA7DAA00103273 /* Assets.xcassets in Resources */,
				933780192ADA7DA800103273 /* Main.storyboard in Resources */,
				93CE90752AF7D51C0025FBB0 /* Calendar.storyboard in Resources */,
				933780512ADA823300103273 /* Login.storyboard in Resources */,
				93CE90812AF7D57F0025FBB0 /* VetMap.storyboard in Resources */,
				933780432ADA815400103273 /* Onboarding.storyboard in Resources */,
				930CB6C02AF18F4F00E632A7 /* Splash.storyboard in Resources */,
				93CE908B2AF7D5E00025FBB0 /* Settings.storyboard in Resources */,
			);
			runOnlyForDeploymentPostprocessing = 0;
		};
/* End PBXResourcesBuildPhase section */

/* Begin PBXSourcesBuildPhase section */
		9337800A2ADA7DA800103273 /* Sources */ = {
			isa = PBXSourcesBuildPhase;
			buildActionMask = 2147483647;
			files = (
				933780472ADA816F00103273 /* OnboardingViewController.swift in Sources */,
				93822B322AF9672400989255 /* AppColors.swift in Sources */,
				9348B4532AE05DAE00F7185A /* SwipeCollectionViewCell.swift in Sources */,
				933780412ADA814400103273 /* OnboardingModel.swift in Sources */,
				933780122ADA7DA800103273 /* AppDelegate.swift in Sources */,
				93CE90832AF7D5980025FBB0 /* VetMapViewController.swift in Sources */,
				933780552ADA824500103273 /* LoginPresenter.swift in Sources */,
				933780492ADA81A100103273 /* OnboardingPresenter.swift in Sources */,
				9337805B2ADA826B00103273 /* User.swift in Sources */,
				9337804D2ADA81AF00103273 /* OnboardingInteractor.swift in Sources */,
				93CE907B2AF7D53F0025FBB0 /* CalendarInteractor.swift in Sources */,
				93CE90772AF7D5260025FBB0 /* CalendarViewController.swift in Sources */,
				9337804B2ADA81A700103273 /* OnboardingRouter.swift in Sources */,
				93CE90872AF7D5C40025FBB0 /* VetMapInteractor.swift in Sources */,
				93CE90952AF7E1C60025FBB0 /* Tabbar.swift in Sources */,
				93CE90732AF7BA910025FBB0 /* MainTabbar.swift in Sources */,
				933780652ADC0DF000103273 /* SplashRouter.swift in Sources */,
				933780602ADC0DC000103273 /* SplashViewController.swift in Sources */,
				93CE90912AF7D5FA0025FBB0 /* SettingsPresenter.swift in Sources */,
				93822B2E2AF963C500989255 /* ControlLabel.swift in Sources */,
				933780672ADC0DF900103273 /* SplashPresenter.swift in Sources */,
				9348B45E2AE0631E00F7185A /* AppFonts.swift in Sources */,
				93CE90712AF7BA5C0025FBB0 /* HomeRouter.swift in Sources */,
				933780572ADA824D00103273 /* LoginInteractor.swift in Sources */,
				93CE90932AF7D6000025FBB0 /* SettingsRouter.swift in Sources */,
				933780692ADC0DFF00103273 /* SplashInteractor.swift in Sources */,
				93CE907F2AF7D5580025FBB0 /* CalendarModel.swift in Sources */,
				93CE90692AF7BA380025FBB0 /* HomeViewController.swift in Sources */,
				93CE908D2AF7D5E60025FBB0 /* SettingsViewController.swift in Sources */,
				93822B302AF9665800989255 /* TextButton.swift in Sources */,
				93CE906B2AF7BA420025FBB0 /* HomeEntity.swift in Sources */,
				933780142ADA7DA800103273 /* SceneDelegate.swift in Sources */,
				93CE90792AF7D5370025FBB0 /* CalendarRouter.swift in Sources */,
				933780532ADA823D00103273 /* LoginViewController.swift in Sources */,
				93CE90982AF7E4A30025FBB0 /* SearchTextfield.swift in Sources */,
				93CE907D2AF7D5460025FBB0 /* CalendarPresenter.swift in Sources */,
				93822B2C2AF8B9FB00989255 /* HeaderView.swift in Sources */,
				93CE90852AF7D5AF0025FBB0 /* VetMapRouter.swift in Sources */,
				933780592ADA825200103273 /* LoginRouter.swift in Sources */,
				93CE906F2AF7BA550025FBB0 /* HomeInteractor.swift in Sources */,
				9337803E2ADA80FF00103273 /* Constants.swift in Sources */,
				93CE906D2AF7BA4C0025FBB0 /* HomePresenter.swift in Sources */,
				93822B352AF9698500989255 /* SecurityTextfield.swift in Sources */,
				93CE90892AF7D5CC0025FBB0 /* VetMapPresenter.swift in Sources */,
				93822B372AF96C3700989255 /* ControlView.swift in Sources */,
				93CE908F2AF7D5F50025FBB0 /* SettingsInteractor.swift in Sources */,
			);
			runOnlyForDeploymentPostprocessing = 0;
		};
/* End PBXSourcesBuildPhase section */

/* Begin PBXVariantGroup section */
		933780172ADA7DA800103273 /* Main.storyboard */ = {
			isa = PBXVariantGroup;
			children = (
				933780182ADA7DA800103273 /* Base */,
			);
			name = Main.storyboard;
			sourceTree = "<group>";
		};
		9337801C2ADA7DAA00103273 /* LaunchScreen.storyboard */ = {
			isa = PBXVariantGroup;
			children = (
				9337801D2ADA7DAA00103273 /* Base */,
			);
			name = LaunchScreen.storyboard;
			sourceTree = "<group>";
		};
/* End PBXVariantGroup section */

/* Begin XCBuildConfiguration section */
		933780202ADA7DAA00103273 /* Debug */ = {
			isa = XCBuildConfiguration;
			buildSettings = {
				ALWAYS_SEARCH_USER_PATHS = NO;
				ASSETCATALOG_COMPILER_GENERATE_SWIFT_ASSET_SYMBOL_EXTENSIONS = YES;
				CLANG_ANALYZER_NONNULL = YES;
				CLANG_ANALYZER_NUMBER_OBJECT_CONVERSION = YES_AGGRESSIVE;
				CLANG_CXX_LANGUAGE_STANDARD = "gnu++20";
				CLANG_ENABLE_MODULES = YES;
				CLANG_ENABLE_OBJC_ARC = YES;
				CLANG_ENABLE_OBJC_WEAK = YES;
				CLANG_WARN_BLOCK_CAPTURE_AUTORELEASING = YES;
				CLANG_WARN_BOOL_CONVERSION = YES;
				CLANG_WARN_COMMA = YES;
				CLANG_WARN_CONSTANT_CONVERSION = YES;
				CLANG_WARN_DEPRECATED_OBJC_IMPLEMENTATIONS = YES;
				CLANG_WARN_DIRECT_OBJC_ISA_USAGE = YES_ERROR;
				CLANG_WARN_DOCUMENTATION_COMMENTS = YES;
				CLANG_WARN_EMPTY_BODY = YES;
				CLANG_WARN_ENUM_CONVERSION = YES;
				CLANG_WARN_INFINITE_RECURSION = YES;
				CLANG_WARN_INT_CONVERSION = YES;
				CLANG_WARN_NON_LITERAL_NULL_CONVERSION = YES;
				CLANG_WARN_OBJC_IMPLICIT_RETAIN_SELF = YES;
				CLANG_WARN_OBJC_LITERAL_CONVERSION = YES;
				CLANG_WARN_OBJC_ROOT_CLASS = YES_ERROR;
				CLANG_WARN_QUOTED_INCLUDE_IN_FRAMEWORK_HEADER = YES;
				CLANG_WARN_RANGE_LOOP_ANALYSIS = YES;
				CLANG_WARN_STRICT_PROTOTYPES = YES;
				CLANG_WARN_SUSPICIOUS_MOVE = YES;
				CLANG_WARN_UNGUARDED_AVAILABILITY = YES_AGGRESSIVE;
				CLANG_WARN_UNREACHABLE_CODE = YES;
				CLANG_WARN__DUPLICATE_METHOD_MATCH = YES;
				COPY_PHASE_STRIP = NO;
				DEBUG_INFORMATION_FORMAT = dwarf;
				ENABLE_STRICT_OBJC_MSGSEND = YES;
				ENABLE_TESTABILITY = YES;
				ENABLE_USER_SCRIPT_SANDBOXING = YES;
				GCC_C_LANGUAGE_STANDARD = gnu17;
				GCC_DYNAMIC_NO_PIC = NO;
				GCC_NO_COMMON_BLOCKS = YES;
				GCC_OPTIMIZATION_LEVEL = 0;
				GCC_PREPROCESSOR_DEFINITIONS = (
					"DEBUG=1",
					"$(inherited)",
				);
				GCC_WARN_64_TO_32_BIT_CONVERSION = YES;
				GCC_WARN_ABOUT_RETURN_TYPE = YES_ERROR;
				GCC_WARN_UNDECLARED_SELECTOR = YES;
				GCC_WARN_UNINITIALIZED_AUTOS = YES_AGGRESSIVE;
				GCC_WARN_UNUSED_FUNCTION = YES;
				GCC_WARN_UNUSED_VARIABLE = YES;
				IPHONEOS_DEPLOYMENT_TARGET = 17.0;
				LOCALIZATION_PREFERS_STRING_CATALOGS = YES;
				MTL_ENABLE_DEBUG_INFO = INCLUDE_SOURCE;
				MTL_FAST_MATH = YES;
				ONLY_ACTIVE_ARCH = YES;
				SDKROOT = iphoneos;
				SWIFT_ACTIVE_COMPILATION_CONDITIONS = "DEBUG $(inherited)";
				SWIFT_OPTIMIZATION_LEVEL = "-Onone";
			};
			name = Debug;
		};
		933780212ADA7DAA00103273 /* Release */ = {
			isa = XCBuildConfiguration;
			buildSettings = {
				ALWAYS_SEARCH_USER_PATHS = NO;
				ASSETCATALOG_COMPILER_GENERATE_SWIFT_ASSET_SYMBOL_EXTENSIONS = YES;
				CLANG_ANALYZER_NONNULL = YES;
				CLANG_ANALYZER_NUMBER_OBJECT_CONVERSION = YES_AGGRESSIVE;
				CLANG_CXX_LANGUAGE_STANDARD = "gnu++20";
				CLANG_ENABLE_MODULES = YES;
				CLANG_ENABLE_OBJC_ARC = YES;
				CLANG_ENABLE_OBJC_WEAK = YES;
				CLANG_WARN_BLOCK_CAPTURE_AUTORELEASING = YES;
				CLANG_WARN_BOOL_CONVERSION = YES;
				CLANG_WARN_COMMA = YES;
				CLANG_WARN_CONSTANT_CONVERSION = YES;
				CLANG_WARN_DEPRECATED_OBJC_IMPLEMENTATIONS = YES;
				CLANG_WARN_DIRECT_OBJC_ISA_USAGE = YES_ERROR;
				CLANG_WARN_DOCUMENTATION_COMMENTS = YES;
				CLANG_WARN_EMPTY_BODY = YES;
				CLANG_WARN_ENUM_CONVERSION = YES;
				CLANG_WARN_INFINITE_RECURSION = YES;
				CLANG_WARN_INT_CONVERSION = YES;
				CLANG_WARN_NON_LITERAL_NULL_CONVERSION = YES;
				CLANG_WARN_OBJC_IMPLICIT_RETAIN_SELF = YES;
				CLANG_WARN_OBJC_LITERAL_CONVERSION = YES;
				CLANG_WARN_OBJC_ROOT_CLASS = YES_ERROR;
				CLANG_WARN_QUOTED_INCLUDE_IN_FRAMEWORK_HEADER = YES;
				CLANG_WARN_RANGE_LOOP_ANALYSIS = YES;
				CLANG_WARN_STRICT_PROTOTYPES = YES;
				CLANG_WARN_SUSPICIOUS_MOVE = YES;
				CLANG_WARN_UNGUARDED_AVAILABILITY = YES_AGGRESSIVE;
				CLANG_WARN_UNREACHABLE_CODE = YES;
				CLANG_WARN__DUPLICATE_METHOD_MATCH = YES;
				COPY_PHASE_STRIP = NO;
				DEBUG_INFORMATION_FORMAT = "dwarf-with-dsym";
				ENABLE_NS_ASSERTIONS = NO;
				ENABLE_STRICT_OBJC_MSGSEND = YES;
				ENABLE_USER_SCRIPT_SANDBOXING = YES;
				GCC_C_LANGUAGE_STANDARD = gnu17;
				GCC_NO_COMMON_BLOCKS = YES;
				GCC_WARN_64_TO_32_BIT_CONVERSION = YES;
				GCC_WARN_ABOUT_RETURN_TYPE = YES_ERROR;
				GCC_WARN_UNDECLARED_SELECTOR = YES;
				GCC_WARN_UNINITIALIZED_AUTOS = YES_AGGRESSIVE;
				GCC_WARN_UNUSED_FUNCTION = YES;
				GCC_WARN_UNUSED_VARIABLE = YES;
				IPHONEOS_DEPLOYMENT_TARGET = 17.0;
				LOCALIZATION_PREFERS_STRING_CATALOGS = YES;
				MTL_ENABLE_DEBUG_INFO = NO;
				MTL_FAST_MATH = YES;
				SDKROOT = iphoneos;
				SWIFT_COMPILATION_MODE = wholemodule;
				VALIDATE_PRODUCT = YES;
			};
			name = Release;
		};
		933780232ADA7DAA00103273 /* Debug */ = {
			isa = XCBuildConfiguration;
			buildSettings = {
				ASSETCATALOG_COMPILER_APPICON_NAME = AppIcon;
				ASSETCATALOG_COMPILER_GLOBAL_ACCENT_COLOR_NAME = AccentColor;
				CODE_SIGN_STYLE = Automatic;
				CURRENT_PROJECT_VERSION = 1;
				DEVELOPMENT_TEAM = 6RYG55F8TD;
				GENERATE_INFOPLIST_FILE = YES;
				INFOPLIST_FILE = "Petcare-iOS/Resources/Info.plist";
				INFOPLIST_KEY_LSApplicationCategoryType = "public.app-category.medical";
				INFOPLIST_KEY_UIApplicationSupportsIndirectInputEvents = YES;
				INFOPLIST_KEY_UILaunchStoryboardName = LaunchScreen;
				INFOPLIST_KEY_UIMainStoryboardFile = Main;
				INFOPLIST_KEY_UISupportedInterfaceOrientations = "UIInterfaceOrientationLandscapeLeft UIInterfaceOrientationLandscapeRight UIInterfaceOrientationPortrait";
				INFOPLIST_KEY_UISupportedInterfaceOrientations_iPad = "UIInterfaceOrientationLandscapeLeft UIInterfaceOrientationLandscapeRight UIInterfaceOrientationPortrait UIInterfaceOrientationPortraitUpsideDown";
				IPHONEOS_DEPLOYMENT_TARGET = 15.0;
				LD_RUNPATH_SEARCH_PATHS = (
					"$(inherited)",
					"@executable_path/Frameworks",
				);
				MARKETING_VERSION = 1.0;
				PRODUCT_BUNDLE_IDENTIFIER = "kenanbaylan.Petcare-iOS";
				PRODUCT_NAME = "$(TARGET_NAME)";
				SWIFT_EMIT_LOC_STRINGS = YES;
				SWIFT_VERSION = 5.0;
				TARGETED_DEVICE_FAMILY = "1,2";
			};
			name = Debug;
		};
		933780242ADA7DAA00103273 /* Release */ = {
			isa = XCBuildConfiguration;
			buildSettings = {
				ASSETCATALOG_COMPILER_APPICON_NAME = AppIcon;
				ASSETCATALOG_COMPILER_GLOBAL_ACCENT_COLOR_NAME = AccentColor;
				CODE_SIGN_STYLE = Automatic;
				CURRENT_PROJECT_VERSION = 1;
				DEVELOPMENT_TEAM = 6RYG55F8TD;
				GENERATE_INFOPLIST_FILE = YES;
				INFOPLIST_FILE = "Petcare-iOS/Resources/Info.plist";
				INFOPLIST_KEY_LSApplicationCategoryType = "public.app-category.medical";
				INFOPLIST_KEY_UIApplicationSupportsIndirectInputEvents = YES;
				INFOPLIST_KEY_UILaunchStoryboardName = LaunchScreen;
				INFOPLIST_KEY_UIMainStoryboardFile = Main;
				INFOPLIST_KEY_UISupportedInterfaceOrientations = "UIInterfaceOrientationLandscapeLeft UIInterfaceOrientationLandscapeRight UIInterfaceOrientationPortrait";
				INFOPLIST_KEY_UISupportedInterfaceOrientations_iPad = "UIInterfaceOrientationLandscapeLeft UIInterfaceOrientationLandscapeRight UIInterfaceOrientationPortrait UIInterfaceOrientationPortraitUpsideDown";
				IPHONEOS_DEPLOYMENT_TARGET = 15.0;
				LD_RUNPATH_SEARCH_PATHS = (
					"$(inherited)",
					"@executable_path/Frameworks",
				);
				MARKETING_VERSION = 1.0;
				PRODUCT_BUNDLE_IDENTIFIER = "kenanbaylan.Petcare-iOS";
				PRODUCT_NAME = "$(TARGET_NAME)";
				SWIFT_EMIT_LOC_STRINGS = YES;
				SWIFT_VERSION = 5.0;
				TARGETED_DEVICE_FAMILY = "1,2";
			};
			name = Release;
		};
/* End XCBuildConfiguration section */

/* Begin XCConfigurationList section */
		933780092ADA7DA800103273 /* Build configuration list for PBXProject "Petcare-iOS" */ = {
			isa = XCConfigurationList;
			buildConfigurations = (
				933780202ADA7DAA00103273 /* Debug */,
				933780212ADA7DAA00103273 /* Release */,
			);
			defaultConfigurationIsVisible = 0;
			defaultConfigurationName = Release;
		};
		933780222ADA7DAA00103273 /* Build configuration list for PBXNativeTarget "Petcare-iOS" */ = {
			isa = XCConfigurationList;
			buildConfigurations = (
				933780232ADA7DAA00103273 /* Debug */,
				933780242ADA7DAA00103273 /* Release */,
			);
			defaultConfigurationIsVisible = 0;
			defaultConfigurationName = Release;
		};
/* End XCConfigurationList section */

/* Begin XCRemoteSwiftPackageReference section */
		93262B432AEBD1360047A79F /* XCRemoteSwiftPackageReference "CombineCocoa" */ = {
			isa = XCRemoteSwiftPackageReference;
			repositoryURL = "https://github.com/CombineCommunity/CombineCocoa.git";
			requirement = {
				kind = upToNextMajorVersion;
				minimumVersion = 0.4.1;
			};
		};
/* End XCRemoteSwiftPackageReference section */

/* Begin XCSwiftPackageProductDependency section */
		93262B442AEBD1360047A79F /* CombineCocoa */ = {
			isa = XCSwiftPackageProductDependency;
			package = 93262B432AEBD1360047A79F /* XCRemoteSwiftPackageReference "CombineCocoa" */;
			productName = CombineCocoa;
		};
/* End XCSwiftPackageProductDependency section */
	};
	rootObject = 933780062ADA7DA800103273 /* Project object */;
}
